// !$*UTF8*$!
{
	archiveVersion = 1;
	classes = {
	};
	objectVersion = 48;
	objects = {

/* Begin PBXBuildFile section */
		0B029DBD20F159CE002D1A55 /* SetTimerVC2.swift in Sources */ = {isa = PBXBuildFile; fileRef = 0B029DBC20F159CE002D1A55 /* SetTimerVC2.swift */; };
		0B029DC220F1FFBC002D1A55 /* MyAlertView1.xib in Resources */ = {isa = PBXBuildFile; fileRef = 0B029DBE20F1FFBC002D1A55 /* MyAlertView1.xib */; };
		0B029DC320F1FFBC002D1A55 /* MyAlertView1.swift in Sources */ = {isa = PBXBuildFile; fileRef = 0B029DBF20F1FFBC002D1A55 /* MyAlertView1.swift */; };
		0B029DC420F1FFBC002D1A55 /* MyAlertView2.swift in Sources */ = {isa = PBXBuildFile; fileRef = 0B029DC020F1FFBC002D1A55 /* MyAlertView2.swift */; };
		0B029DC520F1FFBC002D1A55 /* MyAlertView2.xib in Resources */ = {isa = PBXBuildFile; fileRef = 0B029DC120F1FFBC002D1A55 /* MyAlertView2.xib */; };
		0B029DD620F24052002D1A55 /* ScenePowerView.swift in Sources */ = {isa = PBXBuildFile; fileRef = 0B029DC720F24051002D1A55 /* ScenePowerView.swift */; };
		0B029DD720F24052002D1A55 /* RTDragCellTableView.m in Sources */ = {isa = PBXBuildFile; fileRef = 0B029DCA20F24051002D1A55 /* RTDragCellTableView.m */; };
		0B029DD820F24052002D1A55 /* SceneRgbCwView.swift in Sources */ = {isa = PBXBuildFile; fileRef = 0B029DCB20F24051002D1A55 /* SceneRgbCwView.swift */; };
		0B029DD920F24052002D1A55 /* SceneCwView.swift in Sources */ = {isa = PBXBuildFile; fileRef = 0B029DCC20F24051002D1A55 /* SceneCwView.swift */; };
		0B029DDA20F24052002D1A55 /* SceneLampPlugView.swift in Sources */ = {isa = PBXBuildFile; fileRef = 0B029DCD20F24051002D1A55 /* SceneLampPlugView.swift */; };
		0B029DDB20F24052002D1A55 /* SceneTitleView.swift in Sources */ = {isa = PBXBuildFile; fileRef = 0B029DCE20F24052002D1A55 /* SceneTitleView.swift */; };
		0B029DDC20F24052002D1A55 /* SceneModeRoomCell.swift in Sources */ = {isa = PBXBuildFile; fileRef = 0B029DCF20F24052002D1A55 /* SceneModeRoomCell.swift */; };
		0B029DDD20F24052002D1A55 /* SceneModelCell.swift in Sources */ = {isa = PBXBuildFile; fileRef = 0B029DD020F24052002D1A55 /* SceneModelCell.swift */; };
		0B029DDE20F24052002D1A55 /* SceneModelCell.xib in Resources */ = {isa = PBXBuildFile; fileRef = 0B029DD120F24052002D1A55 /* SceneModelCell.xib */; };
		0B029DDF20F24052002D1A55 /* SceneMPathPlugView.swift in Sources */ = {isa = PBXBuildFile; fileRef = 0B029DD220F24052002D1A55 /* SceneMPathPlugView.swift */; };
		0B029DE020F24052002D1A55 /* SceneAlertBtnView.swift in Sources */ = {isa = PBXBuildFile; fileRef = 0B029DD320F24052002D1A55 /* SceneAlertBtnView.swift */; };
		0B029DE120F24052002D1A55 /* SceneRgbView.swift in Sources */ = {isa = PBXBuildFile; fileRef = 0B029DD420F24052002D1A55 /* SceneRgbView.swift */; };
		0B029DE220F24052002D1A55 /* SceneAirConditionView.swift in Sources */ = {isa = PBXBuildFile; fileRef = 0B029DD520F24052002D1A55 /* SceneAirConditionView.swift */; };
		0B029DE720F2502D002D1A55 /* ColorSelectControl.swift in Sources */ = {isa = PBXBuildFile; fileRef = 0B029DE520F2502D002D1A55 /* ColorSelectControl.swift */; };
		0B029DE820F2502D002D1A55 /* LightProgressView.swift in Sources */ = {isa = PBXBuildFile; fileRef = 0B029DE620F2502D002D1A55 /* LightProgressView.swift */; };
		0B029DEB20F251E1002D1A55 /* SceneUtil.swift in Sources */ = {isa = PBXBuildFile; fileRef = 0B029DEA20F251E0002D1A55 /* SceneUtil.swift */; };
		0B029DEF20F270A6002D1A55 /* QRScanView.swift in Sources */ = {isa = PBXBuildFile; fileRef = 0B029DED20F270A6002D1A55 /* QRScanView.swift */; };
		0B029DF020F270A6002D1A55 /* QRScan1.xib in Resources */ = {isa = PBXBuildFile; fileRef = 0B029DEE20F270A6002D1A55 /* QRScan1.xib */; };
		0B029DF320F2710C002D1A55 /* AddSceneModelVC.swift in Sources */ = {isa = PBXBuildFile; fileRef = 0B029DF120F2710B002D1A55 /* AddSceneModelVC.swift */; };
		0B029DF420F2710C002D1A55 /* SceneModelVC.swift in Sources */ = {isa = PBXBuildFile; fileRef = 0B029DF220F2710B002D1A55 /* SceneModelVC.swift */; };
		0B029DF620F2792A002D1A55 /* SceneDeviceListVC.swift in Sources */ = {isa = PBXBuildFile; fileRef = 0B029DF520F27929002D1A55 /* SceneDeviceListVC.swift */; };
		0B029DF820F27C17002D1A55 /* SceneDeviceListVC+DeviceCell.swift in Sources */ = {isa = PBXBuildFile; fileRef = 0B029DF720F27C17002D1A55 /* SceneDeviceListVC+DeviceCell.swift */; };
		0B029DFA20F27C8A002D1A55 /* SceneDeviceListVC+TableView.swift in Sources */ = {isa = PBXBuildFile; fileRef = 0B029DF920F27C89002D1A55 /* SceneDeviceListVC+TableView.swift */; };
		0B029DFC20F29410002D1A55 /* QRScanVC.swift in Sources */ = {isa = PBXBuildFile; fileRef = 0B029DFB20F29410002D1A55 /* QRScanVC.swift */; };
		0B0FD2A320E364D400F7F892 /* AoDeviceListVC+PlaceView.swift in Sources */ = {isa = PBXBuildFile; fileRef = 0B0FD2A220E364D400F7F892 /* AoDeviceListVC+PlaceView.swift */; };
		0B0FD2A520E36B8F00F7F892 /* AoAddPlaceVC.swift in Sources */ = {isa = PBXBuildFile; fileRef = 0B0FD2A420E36B8F00F7F892 /* AoAddPlaceVC.swift */; };
		0B0FD2A720E36BA700F7F892 /* AoEditPlaceVC.swift in Sources */ = {isa = PBXBuildFile; fileRef = 0B0FD2A620E36BA700F7F892 /* AoEditPlaceVC.swift */; };
		0B0FD2A920E38BA900F7F892 /* AoLampControlVC.swift in Sources */ = {isa = PBXBuildFile; fileRef = 0B0FD2A820E38BA900F7F892 /* AoLampControlVC.swift */; };
		0B0FD2AB20E3A0A100F7F892 /* AoDeviceViewModel.swift in Sources */ = {isa = PBXBuildFile; fileRef = 0B0FD2AA20E3A0A100F7F892 /* AoDeviceViewModel.swift */; };
		0B1F59A2207240C000F95FA1 /* AoTabBarVC.swift in Sources */ = {isa = PBXBuildFile; fileRef = 0B1F59A1207240C000F95FA1 /* AoTabBarVC.swift */; };
		0B2529C0206CCE2B00A95DC1 /* AppDelegate.m in Sources */ = {isa = PBXBuildFile; fileRef = 0B2529BF206CCE2B00A95DC1 /* AppDelegate.m */; };
		0B2529C3206CCE2B00A95DC1 /* ViewController.m in Sources */ = {isa = PBXBuildFile; fileRef = 0B2529C2206CCE2B00A95DC1 /* ViewController.m */; };
		0B2529C8206CCE2B00A95DC1 /* Assets.xcassets in Resources */ = {isa = PBXBuildFile; fileRef = 0B2529C7206CCE2B00A95DC1 /* Assets.xcassets */; };
		0B2529CB206CCE2B00A95DC1 /* LaunchScreen.storyboard in Resources */ = {isa = PBXBuildFile; fileRef = 0B2529C9206CCE2B00A95DC1 /* LaunchScreen.storyboard */; };
		0B2529CE206CCE2B00A95DC1 /* main.m in Sources */ = {isa = PBXBuildFile; fileRef = 0B2529CD206CCE2B00A95DC1 /* main.m */; };
		0B2534A2206D0BB000A95DC1 /* AoDeviceListVC.swift in Sources */ = {isa = PBXBuildFile; fileRef = 0B2534A1206D0BB000A95DC1 /* AoDeviceListVC.swift */; };
		0B2534A5206DEE9C00A95DC1 /* PublicClassMethod.swift in Sources */ = {isa = PBXBuildFile; fileRef = 0B2534A4206DEE9C00A95DC1 /* PublicClassMethod.swift */; };
		0B2534F2206E0C4C00A95DC1 /* AsyncSocket.m in Sources */ = {isa = PBXBuildFile; fileRef = 0B2534AB206E0C4C00A95DC1 /* AsyncSocket.m */; };
		0B2534F3206E0C4C00A95DC1 /* AsyncUdpSocket.m in Sources */ = {isa = PBXBuildFile; fileRef = 0B2534AD206E0C4C00A95DC1 /* AsyncUdpSocket.m */; };
		0B2534F4206E0C4C00A95DC1 /* CMDFactory.m in Sources */ = {isa = PBXBuildFile; fileRef = 0B2534AF206E0C4C00A95DC1 /* CMDFactory.m */; };
		0B2534F5206E0C4C00A95DC1 /* ConfigWifi.m in Sources */ = {isa = PBXBuildFile; fileRef = 0B2534B1206E0C4C00A95DC1 /* ConfigWifi.m */; };
		0B2534F6206E0C4C00A95DC1 /* ControlTcpSocket.m in Sources */ = {isa = PBXBuildFile; fileRef = 0B2534B3206E0C4C00A95DC1 /* ControlTcpSocket.m */; };
		0B2534F7206E0C4C00A95DC1 /* libConfiguration.a in Frameworks */ = {isa = PBXBuildFile; fileRef = 0B2534B4206E0C4C00A95DC1 /* libConfiguration.a */; };
		0B2534F8206E0C4C00A95DC1 /* SmartConfig1.m in Sources */ = {isa = PBXBuildFile; fileRef = 0B2534B8206E0C4C00A95DC1 /* SmartConfig1.m */; };
		0B2534F9206E0C4C00A95DC1 /* UdpSocket.m in Sources */ = {isa = PBXBuildFile; fileRef = 0B2534BA206E0C4C00A95DC1 /* UdpSocket.m */; };
		0B2534FA206E0C4C00A95DC1 /* DeviceUtil.swift in Sources */ = {isa = PBXBuildFile; fileRef = 0B2534BB206E0C4C00A95DC1 /* DeviceUtil.swift */; };
		0B2534FB206E0C4C00A95DC1 /* GCDTimer.m in Sources */ = {isa = PBXBuildFile; fileRef = 0B2534BD206E0C4C00A95DC1 /* GCDTimer.m */; };
		0B2534FD206E0C4C00A95DC1 /* GlobalMethod.m in Sources */ = {isa = PBXBuildFile; fileRef = 0B2534C1206E0C4C00A95DC1 /* GlobalMethod.m */; };
		0B2534FF206E0C4C00A95DC1 /* JNWSpringAnimation.m in Sources */ = {isa = PBXBuildFile; fileRef = 0B2534C4206E0C4C00A95DC1 /* JNWSpringAnimation.m */; };
		0B253500206E0C4C00A95DC1 /* MBProgressHUD.m in Sources */ = {isa = PBXBuildFile; fileRef = 0B2534C6206E0C4C00A95DC1 /* MBProgressHUD.m */; };
		0B253501206E0C4C00A95DC1 /* MyGlobalData.m in Sources */ = {isa = PBXBuildFile; fileRef = 0B2534C8206E0C4C00A95DC1 /* MyGlobalData.m */; };
		0B253502206E0C4C00A95DC1 /* MyGlobalMethod.swift in Sources */ = {isa = PBXBuildFile; fileRef = 0B2534C9206E0C4C00A95DC1 /* MyGlobalMethod.swift */; };
		0B253504206E0C4C00A95DC1 /* NSValue+JNWAdditions.m in Sources */ = {isa = PBXBuildFile; fileRef = 0B2534CD206E0C4C00A95DC1 /* NSValue+JNWAdditions.m */; };
		0B253508206E0C4C00A95DC1 /* OMGToast.m in Sources */ = {isa = PBXBuildFile; fileRef = 0B2534D6206E0C4C00A95DC1 /* OMGToast.m */; };
		0B25350C206E0C4C00A95DC1 /* Reachability.m in Sources */ = {isa = PBXBuildFile; fileRef = 0B2534DD206E0C4C00A95DC1 /* Reachability.m */; };
		0B25350D206E0C4C00A95DC1 /* SessionManager.m in Sources */ = {isa = PBXBuildFile; fileRef = 0B2534DF206E0C4C00A95DC1 /* SessionManager.m */; };
		0B25350E206E0C4C00A95DC1 /* StringExtension.swift in Sources */ = {isa = PBXBuildFile; fileRef = 0B2534E0206E0C4C00A95DC1 /* StringExtension.swift */; };
		0B25350F206E0C4C00A95DC1 /* ThreeDES.m in Sources */ = {isa = PBXBuildFile; fileRef = 0B2534E2206E0C4C00A95DC1 /* ThreeDES.m */; };
		0B253511206E0C4C00A95DC1 /* UIButtonExtension.swift in Sources */ = {isa = PBXBuildFile; fileRef = 0B2534E6206E0C4C00A95DC1 /* UIButtonExtension.swift */; };
		0B253512206E0C4C00A95DC1 /* UIImage+KIAdditions.m in Sources */ = {isa = PBXBuildFile; fileRef = 0B2534E8206E0C4C00A95DC1 /* UIImage+KIAdditions.m */; };
		0B253514206E0C4C00A95DC1 /* UITextField+Shake.m in Sources */ = {isa = PBXBuildFile; fileRef = 0B2534EC206E0C4C00A95DC1 /* UITextField+Shake.m */; };
		0B253515206E0C4C00A95DC1 /* Util.m in Sources */ = {isa = PBXBuildFile; fileRef = 0B2534EE206E0C4C00A95DC1 /* Util.m */; };
		0B30915120EB0D5700BA443A /* TimerListVC.swift in Sources */ = {isa = PBXBuildFile; fileRef = 0B30915020EB0D5700BA443A /* TimerListVC.swift */; };
		0B30915420EB0E1B00BA443A /* TimerCell.swift in Sources */ = {isa = PBXBuildFile; fileRef = 0B30915220EB0E1B00BA443A /* TimerCell.swift */; };
		0B30915520EB0E1B00BA443A /* TimerCell.xib in Resources */ = {isa = PBXBuildFile; fileRef = 0B30915320EB0E1B00BA443A /* TimerCell.xib */; };
		0B30915820EB0ED500BA443A /* DatePickerDelegate.swift in Sources */ = {isa = PBXBuildFile; fileRef = 0B30915620EB0ED500BA443A /* DatePickerDelegate.swift */; };
		0B30915920EB0ED500BA443A /* DatePickerDataSource.swift in Sources */ = {isa = PBXBuildFile; fileRef = 0B30915720EB0ED500BA443A /* DatePickerDataSource.swift */; };
		0B30B29320EB11DE00BA443A /* Add24GByInputVC.swift in Sources */ = {isa = PBXBuildFile; fileRef = 0B30B29120EB11DD00BA443A /* Add24GByInputVC.swift */; };
		0B30B29420EB11DE00BA443A /* Add24GVC.swift in Sources */ = {isa = PBXBuildFile; fileRef = 0B30B29220EB11DD00BA443A /* Add24GVC.swift */; };
		0B30B29620EB16EB00BA443A /* RoomSelectView.swift in Sources */ = {isa = PBXBuildFile; fileRef = 0B30B29520EB16EB00BA443A /* RoomSelectView.swift */; };
		0B30B29B20EB184F00BA443A /* SelectCCenterView.xib in Resources */ = {isa = PBXBuildFile; fileRef = 0B30B29720EB184E00BA443A /* SelectCCenterView.xib */; };
		0B30B29C20EB184F00BA443A /* SelectView.swift in Sources */ = {isa = PBXBuildFile; fileRef = 0B30B29820EB184F00BA443A /* SelectView.swift */; };
		0B30B29D20EB184F00BA443A /* CDeviceSelectCell.swift in Sources */ = {isa = PBXBuildFile; fileRef = 0B30B29920EB184F00BA443A /* CDeviceSelectCell.swift */; };
		0B30B29E20EB184F00BA443A /* CDeviceSelectCell.xib in Resources */ = {isa = PBXBuildFile; fileRef = 0B30B29A20EB184F00BA443A /* CDeviceSelectCell.xib */; };
		0B30B2A020EBDC7400BA443A /* AoPlaceViewModel.swift in Sources */ = {isa = PBXBuildFile; fileRef = 0B30B29F20EBDC7400BA443A /* AoPlaceViewModel.swift */; };
		0B30B2A220ECB28B00BA443A /* AOPlaceImageManager.swift in Sources */ = {isa = PBXBuildFile; fileRef = 0B30B2A120ECB28B00BA443A /* AOPlaceImageManager.swift */; };
		0B4E057C20E07A7E00593F7E /* Main.storyboard in Resources */ = {isa = PBXBuildFile; fileRef = 0B4E057B20E07A7E00593F7E /* Main.storyboard */; };
		0B4E058020E088AD00593F7E /* AoBaseViewController.swift in Sources */ = {isa = PBXBuildFile; fileRef = 0B4E057F20E088AD00593F7E /* AoBaseViewController.swift */; };
		0B4E058220E088CD00593F7E /* AoBaseNavigationController.swift in Sources */ = {isa = PBXBuildFile; fileRef = 0B4E058120E088CD00593F7E /* AoBaseNavigationController.swift */; };
		0B4E058520E088FC00593F7E /* AoBaseViewModel.swift in Sources */ = {isa = PBXBuildFile; fileRef = 0B4E058420E088FC00593F7E /* AoBaseViewModel.swift */; };
		0B4E058820E0890E00593F7E /* AoBaseView.swift in Sources */ = {isa = PBXBuildFile; fileRef = 0B4E058720E0890E00593F7E /* AoBaseView.swift */; };
		0B4E058A20E0897200593F7E /* AoAirConditionVC.swift in Sources */ = {isa = PBXBuildFile; fileRef = 0B4E058920E0897200593F7E /* AoAirConditionVC.swift */; };
		0B4E058D20E08E7200593F7E /* AoGlobalConstant.swift in Sources */ = {isa = PBXBuildFile; fileRef = 0B4E058C20E08E7200593F7E /* AoGlobalConstant.swift */; };
		0B4E059120E0939900593F7E /* AoLoginVC.swift in Sources */ = {isa = PBXBuildFile; fileRef = 0B4E059020E0939900593F7E /* AoLoginVC.swift */; };
		0B4E059420E0A13000593F7E /* AoKeyboardViewModel.swift in Sources */ = {isa = PBXBuildFile; fileRef = 0B4E059320E0A13000593F7E /* AoKeyboardViewModel.swift */; };
		0B4E059620E0A2D100593F7E /* AoLoginViewModel.swift in Sources */ = {isa = PBXBuildFile; fileRef = 0B4E059520E0A2D100593F7E /* AoLoginViewModel.swift */; };
		0B4E05A120E1E74200593F7E /* AoPlaceView.swift in Sources */ = {isa = PBXBuildFile; fileRef = 0B4E05A020E1E74200593F7E /* AoPlaceView.swift */; };
		0B4E05A320E1E75300593F7E /* AoPlaceView.xib in Resources */ = {isa = PBXBuildFile; fileRef = 0B4E05A220E1E75300593F7E /* AoPlaceView.xib */; };
		0B4E05A520E1EB4E00593F7E /* AoPlaceModel.swift in Sources */ = {isa = PBXBuildFile; fileRef = 0B4E05A420E1EB4E00593F7E /* AoPlaceModel.swift */; };
		0B4E05A720E1EB8900593F7E /* AoBaseModel.swift in Sources */ = {isa = PBXBuildFile; fileRef = 0B4E05A620E1EB8900593F7E /* AoBaseModel.swift */; };
		0B4E05AE20E2221600593F7E /* AoForgetPasswordVC.swift in Sources */ = {isa = PBXBuildFile; fileRef = 0B4E05AD20E2221600593F7E /* AoForgetPasswordVC.swift */; };
		0B4E05B020E2223F00593F7E /* AoRegistrVC.swift in Sources */ = {isa = PBXBuildFile; fileRef = 0B4E05AF20E2223F00593F7E /* AoRegistrVC.swift */; };
		0B4E05B420E2264200593F7E /* AoDeviceListViewModel.swift in Sources */ = {isa = PBXBuildFile; fileRef = 0B4E05B320E2264200593F7E /* AoDeviceListViewModel.swift */; };
		0B4E05B620E22AC100593F7E /* AoDeviceListVC+DeviceCell.swift in Sources */ = {isa = PBXBuildFile; fileRef = 0B4E05B520E22AC100593F7E /* AoDeviceListVC+DeviceCell.swift */; };
		0B4E05B820E22B1600593F7E /* AoDeviceListVC+TableView.swift in Sources */ = {isa = PBXBuildFile; fileRef = 0B4E05B720E22B1600593F7E /* AoDeviceListVC+TableView.swift */; };
		0B4E05BA20E2334100593F7E /* UIViewController+Extension.swift in Sources */ = {isa = PBXBuildFile; fileRef = 0B4E05B920E2334100593F7E /* UIViewController+Extension.swift */; };
		0B4E05BD20E242F900593F7E /* AoPlaceManager.swift in Sources */ = {isa = PBXBuildFile; fileRef = 0B4E05BC20E242F900593F7E /* AoPlaceManager.swift */; };
		0B4E05BF20E247C500593F7E /* Data.plist in Resources */ = {isa = PBXBuildFile; fileRef = 0B4E05BE20E247C500593F7E /* Data.plist */; };
		0B4E05C120E32AD400593F7E /* AoDeviceListVC+ScrollView.swift in Sources */ = {isa = PBXBuildFile; fileRef = 0B4E05C020E32AD400593F7E /* AoDeviceListVC+ScrollView.swift */; };
		0B4E05C320E32CFF00593F7E /* AoDeviceListVC+Notification.swift in Sources */ = {isa = PBXBuildFile; fileRef = 0B4E05C220E32CFF00593F7E /* AoDeviceListVC+Notification.swift */; };
		0B8C141B2074BCCD0093256C /* AoDeviceCell.xib in Resources */ = {isa = PBXBuildFile; fileRef = 0B8C14192074BCCD0093256C /* AoDeviceCell.xib */; };
		0B8C141C2074BCCD0093256C /* AoDeviceCell.swift in Sources */ = {isa = PBXBuildFile; fileRef = 0B8C141A2074BCCD0093256C /* AoDeviceCell.swift */; };
		0B8C1425207A11A10093256C /* AoAlertView.swift in Sources */ = {isa = PBXBuildFile; fileRef = 0B8C1424207A11A10093256C /* AoAlertView.swift */; };
		0B8C142B207AFE2F0093256C /* AoDeviceStatuUtil.swift in Sources */ = {isa = PBXBuildFile; fileRef = 0B8C142A207AFE2F0093256C /* AoDeviceStatuUtil.swift */; };
		0B8C14B2207F7F860093256C /* Protocol.framework in Frameworks */ = {isa = PBXBuildFile; fileRef = 0B8C14B1207F7F860093256C /* Protocol.framework */; };
		0B8C14BC208048A20093256C /* AoSettingVC.swift in Sources */ = {isa = PBXBuildFile; fileRef = 0B8C14BB208048A20093256C /* AoSettingVC.swift */; };
		0B8C14BE2080501C0093256C /* AoSettingTbvVM.swift in Sources */ = {isa = PBXBuildFile; fileRef = 0B8C14BD2080501C0093256C /* AoSettingTbvVM.swift */; };
		0B8C14C120805C7B0093256C /* Bolloon.m in Sources */ = {isa = PBXBuildFile; fileRef = 0B8C14BF20805C7B0093256C /* Bolloon.m */; };
		0B8C14C420805CA10093256C /* ConfigVC.m in Sources */ = {isa = PBXBuildFile; fileRef = 0B8C14C320805CA10093256C /* ConfigVC.m */; };
		0B8C14D0208596870093256C /* ToolBarView2.xib in Resources */ = {isa = PBXBuildFile; fileRef = 0B8C14CC208596860093256C /* ToolBarView2.xib */; };
		0B8C14D1208596870093256C /* MultiPathCell.swift in Sources */ = {isa = PBXBuildFile; fileRef = 0B8C14CD208596860093256C /* MultiPathCell.swift */; };
		0B8C14D2208596870093256C /* ToolBarView2.swift in Sources */ = {isa = PBXBuildFile; fileRef = 0B8C14CE208596870093256C /* ToolBarView2.swift */; };
		0B8C14D3208596870093256C /* MultiPathCell.xib in Resources */ = {isa = PBXBuildFile; fileRef = 0B8C14CF208596870093256C /* MultiPathCell.xib */; };
		0B8C14D82085EC430093256C /* AoMultiPathListVC.swift in Sources */ = {isa = PBXBuildFile; fileRef = 0B8C14D72085EC430093256C /* AoMultiPathListVC.swift */; };
		0B8C14DB2085ECC20093256C /* AoDeviceInfoVC.swift in Sources */ = {isa = PBXBuildFile; fileRef = 0B8C14DA2085ECC20093256C /* AoDeviceInfoVC.swift */; };
		0B8C14DF2085F0D50093256C /* MPTbvVM.swift in Sources */ = {isa = PBXBuildFile; fileRef = 0B8C14DE2085F0D50093256C /* MPTbvVM.swift */; };
		0B8C14E12085F1560093256C /* MPCellVM.swift in Sources */ = {isa = PBXBuildFile; fileRef = 0B8C14E02085F1560093256C /* MPCellVM.swift */; };
		0B983B0B2089E96B00DC49AA /* AoDeviceRootVC.swift in Sources */ = {isa = PBXBuildFile; fileRef = 0B983B0A2089E96B00DC49AA /* AoDeviceRootVC.swift */; };
		0B983B0F2089F12500DC49AA /* UIImageViewExtension.swift in Sources */ = {isa = PBXBuildFile; fileRef = 0B983B0E2089F12500DC49AA /* UIImageViewExtension.swift */; };
		B5ED28EC72FA7D4C4A5563A5 /* libPods-Hotel.a in Frameworks */ = {isa = PBXBuildFile; fileRef = 3501186D2CEE0C521E93AE27 /* libPods-Hotel.a */; };
/* End PBXBuildFile section */

/* Begin PBXFileReference section */
		0B029DBC20F159CE002D1A55 /* SetTimerVC2.swift */ = {isa = PBXFileReference; fileEncoding = 4; lastKnownFileType = sourcecode.swift; path = SetTimerVC2.swift; sourceTree = "<group>"; };
		0B029DBE20F1FFBC002D1A55 /* MyAlertView1.xib */ = {isa = PBXFileReference; fileEncoding = 4; lastKnownFileType = file.xib; path = MyAlertView1.xib; sourceTree = "<group>"; };
		0B029DBF20F1FFBC002D1A55 /* MyAlertView1.swift */ = {isa = PBXFileReference; fileEncoding = 4; lastKnownFileType = sourcecode.swift; path = MyAlertView1.swift; sourceTree = "<group>"; };
		0B029DC020F1FFBC002D1A55 /* MyAlertView2.swift */ = {isa = PBXFileReference; fileEncoding = 4; lastKnownFileType = sourcecode.swift; path = MyAlertView2.swift; sourceTree = "<group>"; };
		0B029DC120F1FFBC002D1A55 /* MyAlertView2.xib */ = {isa = PBXFileReference; fileEncoding = 4; lastKnownFileType = file.xib; path = MyAlertView2.xib; sourceTree = "<group>"; };
		0B029DC720F24051002D1A55 /* ScenePowerView.swift */ = {isa = PBXFileReference; fileEncoding = 4; lastKnownFileType = sourcecode.swift; path = ScenePowerView.swift; sourceTree = "<group>"; };
		0B029DC920F24051002D1A55 /* RTDragCellTableView.h */ = {isa = PBXFileReference; fileEncoding = 4; lastKnownFileType = sourcecode.c.h; path = RTDragCellTableView.h; sourceTree = "<group>"; };
		0B029DCA20F24051002D1A55 /* RTDragCellTableView.m */ = {isa = PBXFileReference; fileEncoding = 4; lastKnownFileType = sourcecode.c.objc; path = RTDragCellTableView.m; sourceTree = "<group>"; };
		0B029DCB20F24051002D1A55 /* SceneRgbCwView.swift */ = {isa = PBXFileReference; fileEncoding = 4; lastKnownFileType = sourcecode.swift; path = SceneRgbCwView.swift; sourceTree = "<group>"; };
		0B029DCC20F24051002D1A55 /* SceneCwView.swift */ = {isa = PBXFileReference; fileEncoding = 4; lastKnownFileType = sourcecode.swift; path = SceneCwView.swift; sourceTree = "<group>"; };
		0B029DCD20F24051002D1A55 /* SceneLampPlugView.swift */ = {isa = PBXFileReference; fileEncoding = 4; lastKnownFileType = sourcecode.swift; path = SceneLampPlugView.swift; sourceTree = "<group>"; };
		0B029DCE20F24052002D1A55 /* SceneTitleView.swift */ = {isa = PBXFileReference; fileEncoding = 4; lastKnownFileType = sourcecode.swift; path = SceneTitleView.swift; sourceTree = "<group>"; };
		0B029DCF20F24052002D1A55 /* SceneModeRoomCell.swift */ = {isa = PBXFileReference; fileEncoding = 4; lastKnownFileType = sourcecode.swift; path = SceneModeRoomCell.swift; sourceTree = "<group>"; };
		0B029DD020F24052002D1A55 /* SceneModelCell.swift */ = {isa = PBXFileReference; fileEncoding = 4; lastKnownFileType = sourcecode.swift; path = SceneModelCell.swift; sourceTree = "<group>"; };
		0B029DD120F24052002D1A55 /* SceneModelCell.xib */ = {isa = PBXFileReference; fileEncoding = 4; lastKnownFileType = file.xib; path = SceneModelCell.xib; sourceTree = "<group>"; };
		0B029DD220F24052002D1A55 /* SceneMPathPlugView.swift */ = {isa = PBXFileReference; fileEncoding = 4; lastKnownFileType = sourcecode.swift; path = SceneMPathPlugView.swift; sourceTree = "<group>"; };
		0B029DD320F24052002D1A55 /* SceneAlertBtnView.swift */ = {isa = PBXFileReference; fileEncoding = 4; lastKnownFileType = sourcecode.swift; path = SceneAlertBtnView.swift; sourceTree = "<group>"; };
		0B029DD420F24052002D1A55 /* SceneRgbView.swift */ = {isa = PBXFileReference; fileEncoding = 4; lastKnownFileType = sourcecode.swift; path = SceneRgbView.swift; sourceTree = "<group>"; };
		0B029DD520F24052002D1A55 /* SceneAirConditionView.swift */ = {isa = PBXFileReference; fileEncoding = 4; lastKnownFileType = sourcecode.swift; path = SceneAirConditionView.swift; sourceTree = "<group>"; };
		0B029DE520F2502D002D1A55 /* ColorSelectControl.swift */ = {isa = PBXFileReference; fileEncoding = 4; lastKnownFileType = sourcecode.swift; path = ColorSelectControl.swift; sourceTree = "<group>"; };
		0B029DE620F2502D002D1A55 /* LightProgressView.swift */ = {isa = PBXFileReference; fileEncoding = 4; lastKnownFileType = sourcecode.swift; path = LightProgressView.swift; sourceTree = "<group>"; };
		0B029DEA20F251E0002D1A55 /* SceneUtil.swift */ = {isa = PBXFileReference; fileEncoding = 4; lastKnownFileType = sourcecode.swift; path = SceneUtil.swift; sourceTree = "<group>"; };
		0B029DED20F270A6002D1A55 /* QRScanView.swift */ = {isa = PBXFileReference; fileEncoding = 4; lastKnownFileType = sourcecode.swift; path = QRScanView.swift; sourceTree = "<group>"; };
		0B029DEE20F270A6002D1A55 /* QRScan1.xib */ = {isa = PBXFileReference; fileEncoding = 4; lastKnownFileType = file.xib; path = QRScan1.xib; sourceTree = "<group>"; };
		0B029DF120F2710B002D1A55 /* AddSceneModelVC.swift */ = {isa = PBXFileReference; fileEncoding = 4; lastKnownFileType = sourcecode.swift; path = AddSceneModelVC.swift; sourceTree = "<group>"; };
		0B029DF220F2710B002D1A55 /* SceneModelVC.swift */ = {isa = PBXFileReference; fileEncoding = 4; lastKnownFileType = sourcecode.swift; path = SceneModelVC.swift; sourceTree = "<group>"; };
		0B029DF520F27929002D1A55 /* SceneDeviceListVC.swift */ = {isa = PBXFileReference; fileEncoding = 4; lastKnownFileType = sourcecode.swift; path = SceneDeviceListVC.swift; sourceTree = "<group>"; };
		0B029DF720F27C17002D1A55 /* SceneDeviceListVC+DeviceCell.swift */ = {isa = PBXFileReference; lastKnownFileType = sourcecode.swift; path = "SceneDeviceListVC+DeviceCell.swift"; sourceTree = "<group>"; };
		0B029DF920F27C89002D1A55 /* SceneDeviceListVC+TableView.swift */ = {isa = PBXFileReference; lastKnownFileType = sourcecode.swift; path = "SceneDeviceListVC+TableView.swift"; sourceTree = "<group>"; };
		0B029DFB20F29410002D1A55 /* QRScanVC.swift */ = {isa = PBXFileReference; fileEncoding = 4; lastKnownFileType = sourcecode.swift; path = QRScanVC.swift; sourceTree = "<group>"; };
		0B0FD2A220E364D400F7F892 /* AoDeviceListVC+PlaceView.swift */ = {isa = PBXFileReference; lastKnownFileType = sourcecode.swift; path = "AoDeviceListVC+PlaceView.swift"; sourceTree = "<group>"; };
		0B0FD2A420E36B8F00F7F892 /* AoAddPlaceVC.swift */ = {isa = PBXFileReference; lastKnownFileType = sourcecode.swift; path = AoAddPlaceVC.swift; sourceTree = "<group>"; };
		0B0FD2A620E36BA700F7F892 /* AoEditPlaceVC.swift */ = {isa = PBXFileReference; lastKnownFileType = sourcecode.swift; path = AoEditPlaceVC.swift; sourceTree = "<group>"; };
		0B0FD2A820E38BA900F7F892 /* AoLampControlVC.swift */ = {isa = PBXFileReference; lastKnownFileType = sourcecode.swift; path = AoLampControlVC.swift; sourceTree = "<group>"; };
		0B0FD2AA20E3A0A100F7F892 /* AoDeviceViewModel.swift */ = {isa = PBXFileReference; lastKnownFileType = sourcecode.swift; path = AoDeviceViewModel.swift; sourceTree = "<group>"; };
		0B1F59A1207240C000F95FA1 /* AoTabBarVC.swift */ = {isa = PBXFileReference; fileEncoding = 4; lastKnownFileType = sourcecode.swift; path = AoTabBarVC.swift; sourceTree = "<group>"; };
		0B2529BB206CCE2B00A95DC1 /* Hotel.app */ = {isa = PBXFileReference; explicitFileType = wrapper.application; includeInIndex = 0; path = Hotel.app; sourceTree = BUILT_PRODUCTS_DIR; };
		0B2529BE206CCE2B00A95DC1 /* AppDelegate.h */ = {isa = PBXFileReference; lastKnownFileType = sourcecode.c.h; path = AppDelegate.h; sourceTree = "<group>"; };
		0B2529BF206CCE2B00A95DC1 /* AppDelegate.m */ = {isa = PBXFileReference; lastKnownFileType = sourcecode.c.objc; path = AppDelegate.m; sourceTree = "<group>"; };
		0B2529C1206CCE2B00A95DC1 /* ViewController.h */ = {isa = PBXFileReference; lastKnownFileType = sourcecode.c.h; path = ViewController.h; sourceTree = "<group>"; };
		0B2529C2206CCE2B00A95DC1 /* ViewController.m */ = {isa = PBXFileReference; lastKnownFileType = sourcecode.c.objc; path = ViewController.m; sourceTree = "<group>"; };
		0B2529C7206CCE2B00A95DC1 /* Assets.xcassets */ = {isa = PBXFileReference; lastKnownFileType = folder.assetcatalog; path = Assets.xcassets; sourceTree = "<group>"; };
		0B2529CA206CCE2B00A95DC1 /* Base */ = {isa = PBXFileReference; lastKnownFileType = file.storyboard; name = Base; path = Base.lproj/LaunchScreen.storyboard; sourceTree = "<group>"; };
		0B2529CC206CCE2B00A95DC1 /* Info.plist */ = {isa = PBXFileReference; lastKnownFileType = text.plist.xml; path = Info.plist; sourceTree = "<group>"; };
		0B2529CD206CCE2B00A95DC1 /* main.m */ = {isa = PBXFileReference; lastKnownFileType = sourcecode.c.objc; path = main.m; sourceTree = "<group>"; };
		0B2534A1206D0BB000A95DC1 /* AoDeviceListVC.swift */ = {isa = PBXFileReference; lastKnownFileType = sourcecode.swift; path = AoDeviceListVC.swift; sourceTree = "<group>"; };
		0B2534A4206DEE9C00A95DC1 /* PublicClassMethod.swift */ = {isa = PBXFileReference; lastKnownFileType = sourcecode.swift; path = PublicClassMethod.swift; sourceTree = "<group>"; };
		0B2534AA206E0C4C00A95DC1 /* AsyncSocket.h */ = {isa = PBXFileReference; fileEncoding = 4; lastKnownFileType = sourcecode.c.h; path = AsyncSocket.h; sourceTree = "<group>"; };
		0B2534AB206E0C4C00A95DC1 /* AsyncSocket.m */ = {isa = PBXFileReference; fileEncoding = 4; lastKnownFileType = sourcecode.c.objc; path = AsyncSocket.m; sourceTree = "<group>"; };
		0B2534AC206E0C4C00A95DC1 /* AsyncUdpSocket.h */ = {isa = PBXFileReference; fileEncoding = 4; lastKnownFileType = sourcecode.c.h; path = AsyncUdpSocket.h; sourceTree = "<group>"; };
		0B2534AD206E0C4C00A95DC1 /* AsyncUdpSocket.m */ = {isa = PBXFileReference; fileEncoding = 4; lastKnownFileType = sourcecode.c.objc; path = AsyncUdpSocket.m; sourceTree = "<group>"; };
		0B2534AE206E0C4C00A95DC1 /* CMDFactory.h */ = {isa = PBXFileReference; fileEncoding = 4; lastKnownFileType = sourcecode.c.h; path = CMDFactory.h; sourceTree = "<group>"; };
		0B2534AF206E0C4C00A95DC1 /* CMDFactory.m */ = {isa = PBXFileReference; fileEncoding = 4; lastKnownFileType = sourcecode.c.objc; path = CMDFactory.m; sourceTree = "<group>"; };
		0B2534B0206E0C4C00A95DC1 /* ConfigWifi.h */ = {isa = PBXFileReference; fileEncoding = 4; lastKnownFileType = sourcecode.c.h; path = ConfigWifi.h; sourceTree = "<group>"; };
		0B2534B1206E0C4C00A95DC1 /* ConfigWifi.m */ = {isa = PBXFileReference; fileEncoding = 4; lastKnownFileType = sourcecode.c.objc; path = ConfigWifi.m; sourceTree = "<group>"; };
		0B2534B2206E0C4C00A95DC1 /* ControlTcpSocket.h */ = {isa = PBXFileReference; fileEncoding = 4; lastKnownFileType = sourcecode.c.h; path = ControlTcpSocket.h; sourceTree = "<group>"; };
		0B2534B3206E0C4C00A95DC1 /* ControlTcpSocket.m */ = {isa = PBXFileReference; fileEncoding = 4; lastKnownFileType = sourcecode.c.objc; path = ControlTcpSocket.m; sourceTree = "<group>"; };
		0B2534B4206E0C4C00A95DC1 /* libConfiguration.a */ = {isa = PBXFileReference; lastKnownFileType = archive.ar; path = libConfiguration.a; sourceTree = "<group>"; };
		0B2534B5206E0C4C00A95DC1 /* ManualConfig.h */ = {isa = PBXFileReference; fileEncoding = 4; lastKnownFileType = sourcecode.c.h; path = ManualConfig.h; sourceTree = "<group>"; };
		0B2534B6206E0C4C00A95DC1 /* OneShotConfig.h */ = {isa = PBXFileReference; fileEncoding = 4; lastKnownFileType = sourcecode.c.h; path = OneShotConfig.h; sourceTree = "<group>"; };
		0B2534B7206E0C4C00A95DC1 /* SmartConfig1.h */ = {isa = PBXFileReference; fileEncoding = 4; lastKnownFileType = sourcecode.c.h; path = SmartConfig1.h; sourceTree = "<group>"; };
		0B2534B8206E0C4C00A95DC1 /* SmartConfig1.m */ = {isa = PBXFileReference; fileEncoding = 4; lastKnownFileType = sourcecode.c.objc; path = SmartConfig1.m; sourceTree = "<group>"; };
		0B2534B9206E0C4C00A95DC1 /* UdpSocket.h */ = {isa = PBXFileReference; fileEncoding = 4; lastKnownFileType = sourcecode.c.h; path = UdpSocket.h; sourceTree = "<group>"; };
		0B2534BA206E0C4C00A95DC1 /* UdpSocket.m */ = {isa = PBXFileReference; fileEncoding = 4; lastKnownFileType = sourcecode.c.objc; path = UdpSocket.m; sourceTree = "<group>"; };
		0B2534BB206E0C4C00A95DC1 /* DeviceUtil.swift */ = {isa = PBXFileReference; fileEncoding = 4; lastKnownFileType = sourcecode.swift; path = DeviceUtil.swift; sourceTree = "<group>"; };
		0B2534BC206E0C4C00A95DC1 /* GCDTimer.h */ = {isa = PBXFileReference; fileEncoding = 4; lastKnownFileType = sourcecode.c.h; path = GCDTimer.h; sourceTree = "<group>"; };
		0B2534BD206E0C4C00A95DC1 /* GCDTimer.m */ = {isa = PBXFileReference; fileEncoding = 4; lastKnownFileType = sourcecode.c.objc; path = GCDTimer.m; sourceTree = "<group>"; };
		0B2534C0206E0C4C00A95DC1 /* GlobalMethod.h */ = {isa = PBXFileReference; fileEncoding = 4; lastKnownFileType = sourcecode.c.h; path = GlobalMethod.h; sourceTree = "<group>"; };
		0B2534C1206E0C4C00A95DC1 /* GlobalMethod.m */ = {isa = PBXFileReference; fileEncoding = 4; lastKnownFileType = sourcecode.c.objc; path = GlobalMethod.m; sourceTree = "<group>"; };
		0B2534C3206E0C4C00A95DC1 /* JNWSpringAnimation.h */ = {isa = PBXFileReference; fileEncoding = 4; lastKnownFileType = sourcecode.c.h; path = JNWSpringAnimation.h; sourceTree = "<group>"; };
		0B2534C4206E0C4C00A95DC1 /* JNWSpringAnimation.m */ = {isa = PBXFileReference; fileEncoding = 4; lastKnownFileType = sourcecode.c.objc; path = JNWSpringAnimation.m; sourceTree = "<group>"; };
		0B2534C5206E0C4C00A95DC1 /* MBProgressHUD.h */ = {isa = PBXFileReference; fileEncoding = 4; lastKnownFileType = sourcecode.c.h; path = MBProgressHUD.h; sourceTree = "<group>"; };
		0B2534C6206E0C4C00A95DC1 /* MBProgressHUD.m */ = {isa = PBXFileReference; fileEncoding = 4; lastKnownFileType = sourcecode.c.objc; path = MBProgressHUD.m; sourceTree = "<group>"; };
		0B2534C7206E0C4C00A95DC1 /* MyGlobalData.h */ = {isa = PBXFileReference; fileEncoding = 4; lastKnownFileType = sourcecode.c.h; path = MyGlobalData.h; sourceTree = "<group>"; };
		0B2534C8206E0C4C00A95DC1 /* MyGlobalData.m */ = {isa = PBXFileReference; fileEncoding = 4; lastKnownFileType = sourcecode.c.objc; path = MyGlobalData.m; sourceTree = "<group>"; };
		0B2534C9206E0C4C00A95DC1 /* MyGlobalMethod.swift */ = {isa = PBXFileReference; fileEncoding = 4; lastKnownFileType = sourcecode.swift; path = MyGlobalMethod.swift; sourceTree = "<group>"; };
		0B2534CC206E0C4C00A95DC1 /* NSValue+JNWAdditions.h */ = {isa = PBXFileReference; fileEncoding = 4; lastKnownFileType = sourcecode.c.h; path = "NSValue+JNWAdditions.h"; sourceTree = "<group>"; };
		0B2534CD206E0C4C00A95DC1 /* NSValue+JNWAdditions.m */ = {isa = PBXFileReference; fileEncoding = 4; lastKnownFileType = sourcecode.c.objc; path = "NSValue+JNWAdditions.m"; sourceTree = "<group>"; };
		0B2534D5206E0C4C00A95DC1 /* OMGToast.h */ = {isa = PBXFileReference; fileEncoding = 4; lastKnownFileType = sourcecode.c.h; path = OMGToast.h; sourceTree = "<group>"; };
		0B2534D6206E0C4C00A95DC1 /* OMGToast.m */ = {isa = PBXFileReference; fileEncoding = 4; lastKnownFileType = sourcecode.c.objc; path = OMGToast.m; sourceTree = "<group>"; };
		0B2534DC206E0C4C00A95DC1 /* Reachability.h */ = {isa = PBXFileReference; fileEncoding = 4; lastKnownFileType = sourcecode.c.h; path = Reachability.h; sourceTree = "<group>"; };
		0B2534DD206E0C4C00A95DC1 /* Reachability.m */ = {isa = PBXFileReference; fileEncoding = 4; lastKnownFileType = sourcecode.c.objc; path = Reachability.m; sourceTree = "<group>"; };
		0B2534DE206E0C4C00A95DC1 /* SessionManager.h */ = {isa = PBXFileReference; fileEncoding = 4; lastKnownFileType = sourcecode.c.h; path = SessionManager.h; sourceTree = "<group>"; };
		0B2534DF206E0C4C00A95DC1 /* SessionManager.m */ = {isa = PBXFileReference; fileEncoding = 4; lastKnownFileType = sourcecode.c.objc; path = SessionManager.m; sourceTree = "<group>"; };
		0B2534E0206E0C4C00A95DC1 /* StringExtension.swift */ = {isa = PBXFileReference; fileEncoding = 4; lastKnownFileType = sourcecode.swift; path = StringExtension.swift; sourceTree = "<group>"; };
		0B2534E1206E0C4C00A95DC1 /* ThreeDES.h */ = {isa = PBXFileReference; fileEncoding = 4; lastKnownFileType = sourcecode.c.h; path = ThreeDES.h; sourceTree = "<group>"; };
		0B2534E2206E0C4C00A95DC1 /* ThreeDES.m */ = {isa = PBXFileReference; fileEncoding = 4; lastKnownFileType = sourcecode.c.objc; path = ThreeDES.m; sourceTree = "<group>"; };
		0B2534E6206E0C4C00A95DC1 /* UIButtonExtension.swift */ = {isa = PBXFileReference; fileEncoding = 4; lastKnownFileType = sourcecode.swift; path = UIButtonExtension.swift; sourceTree = "<group>"; };
		0B2534E7206E0C4C00A95DC1 /* UIImage+KIAdditions.h */ = {isa = PBXFileReference; fileEncoding = 4; lastKnownFileType = sourcecode.c.h; path = "UIImage+KIAdditions.h"; sourceTree = "<group>"; };
		0B2534E8206E0C4C00A95DC1 /* UIImage+KIAdditions.m */ = {isa = PBXFileReference; fileEncoding = 4; lastKnownFileType = sourcecode.c.objc; path = "UIImage+KIAdditions.m"; sourceTree = "<group>"; };
		0B2534EB206E0C4C00A95DC1 /* UITextField+Shake.h */ = {isa = PBXFileReference; fileEncoding = 4; lastKnownFileType = sourcecode.c.h; path = "UITextField+Shake.h"; sourceTree = "<group>"; };
		0B2534EC206E0C4C00A95DC1 /* UITextField+Shake.m */ = {isa = PBXFileReference; fileEncoding = 4; lastKnownFileType = sourcecode.c.objc; path = "UITextField+Shake.m"; sourceTree = "<group>"; };
		0B2534ED206E0C4C00A95DC1 /* Util.h */ = {isa = PBXFileReference; fileEncoding = 4; lastKnownFileType = sourcecode.c.h; path = Util.h; sourceTree = "<group>"; };
		0B2534EE206E0C4C00A95DC1 /* Util.m */ = {isa = PBXFileReference; fileEncoding = 4; lastKnownFileType = sourcecode.c.objc; path = Util.m; sourceTree = "<group>"; };
		0B30915020EB0D5700BA443A /* TimerListVC.swift */ = {isa = PBXFileReference; fileEncoding = 4; lastKnownFileType = sourcecode.swift; path = TimerListVC.swift; sourceTree = "<group>"; };
		0B30915220EB0E1B00BA443A /* TimerCell.swift */ = {isa = PBXFileReference; fileEncoding = 4; lastKnownFileType = sourcecode.swift; path = TimerCell.swift; sourceTree = "<group>"; };
		0B30915320EB0E1B00BA443A /* TimerCell.xib */ = {isa = PBXFileReference; fileEncoding = 4; lastKnownFileType = file.xib; path = TimerCell.xib; sourceTree = "<group>"; };
		0B30915620EB0ED500BA443A /* DatePickerDelegate.swift */ = {isa = PBXFileReference; fileEncoding = 4; lastKnownFileType = sourcecode.swift; path = DatePickerDelegate.swift; sourceTree = "<group>"; };
		0B30915720EB0ED500BA443A /* DatePickerDataSource.swift */ = {isa = PBXFileReference; fileEncoding = 4; lastKnownFileType = sourcecode.swift; path = DatePickerDataSource.swift; sourceTree = "<group>"; };
		0B30B29120EB11DD00BA443A /* Add24GByInputVC.swift */ = {isa = PBXFileReference; fileEncoding = 4; lastKnownFileType = sourcecode.swift; path = Add24GByInputVC.swift; sourceTree = "<group>"; };
		0B30B29220EB11DD00BA443A /* Add24GVC.swift */ = {isa = PBXFileReference; fileEncoding = 4; lastKnownFileType = sourcecode.swift; path = Add24GVC.swift; sourceTree = "<group>"; };
		0B30B29520EB16EB00BA443A /* RoomSelectView.swift */ = {isa = PBXFileReference; fileEncoding = 4; lastKnownFileType = sourcecode.swift; path = RoomSelectView.swift; sourceTree = "<group>"; };
		0B30B29720EB184E00BA443A /* SelectCCenterView.xib */ = {isa = PBXFileReference; fileEncoding = 4; lastKnownFileType = file.xib; path = SelectCCenterView.xib; sourceTree = "<group>"; };
		0B30B29820EB184F00BA443A /* SelectView.swift */ = {isa = PBXFileReference; fileEncoding = 4; lastKnownFileType = sourcecode.swift; path = SelectView.swift; sourceTree = "<group>"; };
		0B30B29920EB184F00BA443A /* CDeviceSelectCell.swift */ = {isa = PBXFileReference; fileEncoding = 4; lastKnownFileType = sourcecode.swift; path = CDeviceSelectCell.swift; sourceTree = "<group>"; };
		0B30B29A20EB184F00BA443A /* CDeviceSelectCell.xib */ = {isa = PBXFileReference; fileEncoding = 4; lastKnownFileType = file.xib; path = CDeviceSelectCell.xib; sourceTree = "<group>"; };
		0B30B29F20EBDC7400BA443A /* AoPlaceViewModel.swift */ = {isa = PBXFileReference; lastKnownFileType = sourcecode.swift; path = AoPlaceViewModel.swift; sourceTree = "<group>"; };
		0B30B2A120ECB28B00BA443A /* AOPlaceImageManager.swift */ = {isa = PBXFileReference; lastKnownFileType = sourcecode.swift; path = AOPlaceImageManager.swift; sourceTree = "<group>"; };
		0B4E057B20E07A7E00593F7E /* Main.storyboard */ = {isa = PBXFileReference; lastKnownFileType = file.storyboard; path = Main.storyboard; sourceTree = "<group>"; };
		0B4E057F20E088AD00593F7E /* AoBaseViewController.swift */ = {isa = PBXFileReference; lastKnownFileType = sourcecode.swift; path = AoBaseViewController.swift; sourceTree = "<group>"; };
		0B4E058120E088CD00593F7E /* AoBaseNavigationController.swift */ = {isa = PBXFileReference; lastKnownFileType = sourcecode.swift; path = AoBaseNavigationController.swift; sourceTree = "<group>"; };
		0B4E058420E088FC00593F7E /* AoBaseViewModel.swift */ = {isa = PBXFileReference; lastKnownFileType = sourcecode.swift; path = AoBaseViewModel.swift; sourceTree = "<group>"; };
		0B4E058720E0890E00593F7E /* AoBaseView.swift */ = {isa = PBXFileReference; lastKnownFileType = sourcecode.swift; path = AoBaseView.swift; sourceTree = "<group>"; };
		0B4E058920E0897200593F7E /* AoAirConditionVC.swift */ = {isa = PBXFileReference; lastKnownFileType = sourcecode.swift; path = AoAirConditionVC.swift; sourceTree = "<group>"; };
		0B4E058C20E08E7200593F7E /* AoGlobalConstant.swift */ = {isa = PBXFileReference; lastKnownFileType = sourcecode.swift; path = AoGlobalConstant.swift; sourceTree = "<group>"; };
		0B4E059020E0939900593F7E /* AoLoginVC.swift */ = {isa = PBXFileReference; lastKnownFileType = sourcecode.swift; path = AoLoginVC.swift; sourceTree = "<group>"; };
		0B4E059320E0A13000593F7E /* AoKeyboardViewModel.swift */ = {isa = PBXFileReference; lastKnownFileType = sourcecode.swift; path = AoKeyboardViewModel.swift; sourceTree = "<group>"; };
		0B4E059520E0A2D100593F7E /* AoLoginViewModel.swift */ = {isa = PBXFileReference; lastKnownFileType = sourcecode.swift; path = AoLoginViewModel.swift; sourceTree = "<group>"; };
		0B4E05A020E1E74200593F7E /* AoPlaceView.swift */ = {isa = PBXFileReference; lastKnownFileType = sourcecode.swift; path = AoPlaceView.swift; sourceTree = "<group>"; };
		0B4E05A220E1E75300593F7E /* AoPlaceView.xib */ = {isa = PBXFileReference; lastKnownFileType = file.xib; path = AoPlaceView.xib; sourceTree = "<group>"; };
		0B4E05A420E1EB4E00593F7E /* AoPlaceModel.swift */ = {isa = PBXFileReference; lastKnownFileType = sourcecode.swift; path = AoPlaceModel.swift; sourceTree = "<group>"; };
		0B4E05A620E1EB8900593F7E /* AoBaseModel.swift */ = {isa = PBXFileReference; lastKnownFileType = sourcecode.swift; path = AoBaseModel.swift; sourceTree = "<group>"; };
		0B4E05AD20E2221600593F7E /* AoForgetPasswordVC.swift */ = {isa = PBXFileReference; lastKnownFileType = sourcecode.swift; path = AoForgetPasswordVC.swift; sourceTree = "<group>"; };
		0B4E05AF20E2223F00593F7E /* AoRegistrVC.swift */ = {isa = PBXFileReference; lastKnownFileType = sourcecode.swift; path = AoRegistrVC.swift; sourceTree = "<group>"; };
		0B4E05B320E2264200593F7E /* AoDeviceListViewModel.swift */ = {isa = PBXFileReference; lastKnownFileType = sourcecode.swift; path = AoDeviceListViewModel.swift; sourceTree = "<group>"; };
		0B4E05B520E22AC100593F7E /* AoDeviceListVC+DeviceCell.swift */ = {isa = PBXFileReference; lastKnownFileType = sourcecode.swift; path = "AoDeviceListVC+DeviceCell.swift"; sourceTree = "<group>"; };
		0B4E05B720E22B1600593F7E /* AoDeviceListVC+TableView.swift */ = {isa = PBXFileReference; lastKnownFileType = sourcecode.swift; path = "AoDeviceListVC+TableView.swift"; sourceTree = "<group>"; };
		0B4E05B920E2334100593F7E /* UIViewController+Extension.swift */ = {isa = PBXFileReference; lastKnownFileType = sourcecode.swift; path = "UIViewController+Extension.swift"; sourceTree = "<group>"; };
		0B4E05BC20E242F900593F7E /* AoPlaceManager.swift */ = {isa = PBXFileReference; lastKnownFileType = sourcecode.swift; path = AoPlaceManager.swift; sourceTree = "<group>"; };
		0B4E05BE20E247C500593F7E /* Data.plist */ = {isa = PBXFileReference; lastKnownFileType = text.plist.xml; path = Data.plist; sourceTree = "<group>"; };
		0B4E05C020E32AD400593F7E /* AoDeviceListVC+ScrollView.swift */ = {isa = PBXFileReference; lastKnownFileType = sourcecode.swift; path = "AoDeviceListVC+ScrollView.swift"; sourceTree = "<group>"; };
		0B4E05C220E32CFF00593F7E /* AoDeviceListVC+Notification.swift */ = {isa = PBXFileReference; lastKnownFileType = sourcecode.swift; path = "AoDeviceListVC+Notification.swift"; sourceTree = "<group>"; };
		0B8C14192074BCCD0093256C /* AoDeviceCell.xib */ = {isa = PBXFileReference; fileEncoding = 4; lastKnownFileType = file.xib; path = AoDeviceCell.xib; sourceTree = "<group>"; };
		0B8C141A2074BCCD0093256C /* AoDeviceCell.swift */ = {isa = PBXFileReference; fileEncoding = 4; lastKnownFileType = sourcecode.swift; path = AoDeviceCell.swift; sourceTree = "<group>"; };
		0B8C1424207A11A10093256C /* AoAlertView.swift */ = {isa = PBXFileReference; lastKnownFileType = sourcecode.swift; path = AoAlertView.swift; sourceTree = "<group>"; };
		0B8C142A207AFE2F0093256C /* AoDeviceStatuUtil.swift */ = {isa = PBXFileReference; lastKnownFileType = sourcecode.swift; path = AoDeviceStatuUtil.swift; sourceTree = "<group>"; };
		0B8C14B1207F7F860093256C /* Protocol.framework */ = {isa = PBXFileReference; lastKnownFileType = wrapper.framework; path = Protocol.framework; sourceTree = "<group>"; };
		0B8C14BB208048A20093256C /* AoSettingVC.swift */ = {isa = PBXFileReference; lastKnownFileType = sourcecode.swift; path = AoSettingVC.swift; sourceTree = "<group>"; };
		0B8C14BD2080501C0093256C /* AoSettingTbvVM.swift */ = {isa = PBXFileReference; lastKnownFileType = sourcecode.swift; path = AoSettingTbvVM.swift; sourceTree = "<group>"; };
		0B8C14BF20805C7B0093256C /* Bolloon.m */ = {isa = PBXFileReference; fileEncoding = 4; lastKnownFileType = sourcecode.c.objc; path = Bolloon.m; sourceTree = "<group>"; };
		0B8C14C020805C7B0093256C /* Bolloon.h */ = {isa = PBXFileReference; fileEncoding = 4; lastKnownFileType = sourcecode.c.h; path = Bolloon.h; sourceTree = "<group>"; };
		0B8C14C220805CA10093256C /* ConfigVC.h */ = {isa = PBXFileReference; fileEncoding = 4; lastKnownFileType = sourcecode.c.h; path = ConfigVC.h; sourceTree = "<group>"; };
		0B8C14C320805CA10093256C /* ConfigVC.m */ = {isa = PBXFileReference; fileEncoding = 4; lastKnownFileType = sourcecode.c.objc; path = ConfigVC.m; sourceTree = "<group>"; };
		0B8C14CC208596860093256C /* ToolBarView2.xib */ = {isa = PBXFileReference; fileEncoding = 4; lastKnownFileType = file.xib; path = ToolBarView2.xib; sourceTree = "<group>"; };
		0B8C14CD208596860093256C /* MultiPathCell.swift */ = {isa = PBXFileReference; fileEncoding = 4; lastKnownFileType = sourcecode.swift; path = MultiPathCell.swift; sourceTree = "<group>"; };
		0B8C14CE208596870093256C /* ToolBarView2.swift */ = {isa = PBXFileReference; fileEncoding = 4; lastKnownFileType = sourcecode.swift; path = ToolBarView2.swift; sourceTree = "<group>"; };
		0B8C14CF208596870093256C /* MultiPathCell.xib */ = {isa = PBXFileReference; fileEncoding = 4; lastKnownFileType = file.xib; path = MultiPathCell.xib; sourceTree = "<group>"; };
		0B8C14D72085EC430093256C /* AoMultiPathListVC.swift */ = {isa = PBXFileReference; fileEncoding = 4; lastKnownFileType = sourcecode.swift; path = AoMultiPathListVC.swift; sourceTree = "<group>"; };
		0B8C14DA2085ECC20093256C /* AoDeviceInfoVC.swift */ = {isa = PBXFileReference; fileEncoding = 4; lastKnownFileType = sourcecode.swift; path = AoDeviceInfoVC.swift; sourceTree = "<group>"; };
		0B8C14DE2085F0D50093256C /* MPTbvVM.swift */ = {isa = PBXFileReference; lastKnownFileType = sourcecode.swift; path = MPTbvVM.swift; sourceTree = "<group>"; };
		0B8C14E02085F1560093256C /* MPCellVM.swift */ = {isa = PBXFileReference; lastKnownFileType = sourcecode.swift; path = MPCellVM.swift; sourceTree = "<group>"; };
		0B983B0A2089E96B00DC49AA /* AoDeviceRootVC.swift */ = {isa = PBXFileReference; lastKnownFileType = sourcecode.swift; path = AoDeviceRootVC.swift; sourceTree = "<group>"; };
		0B983B0E2089F12500DC49AA /* UIImageViewExtension.swift */ = {isa = PBXFileReference; lastKnownFileType = sourcecode.swift; path = UIImageViewExtension.swift; sourceTree = "<group>"; };
		0B98CD2C2071E257006B2D80 /* OC-SWIFT-BRIDGE.h */ = {isa = PBXFileReference; lastKnownFileType = sourcecode.c.h; path = "OC-SWIFT-BRIDGE.h"; sourceTree = "<group>"; };
		0B98CD302072114B006B2D80 /* PrefixHeader.pch */ = {isa = PBXFileReference; lastKnownFileType = sourcecode.c.h; path = PrefixHeader.pch; sourceTree = "<group>"; };
		31156EA943B07E665DB364D6 /* Pods-Hotel.release.xcconfig */ = {isa = PBXFileReference; includeInIndex = 1; lastKnownFileType = text.xcconfig; name = "Pods-Hotel.release.xcconfig"; path = "Pods/Target Support Files/Pods-Hotel/Pods-Hotel.release.xcconfig"; sourceTree = "<group>"; };
		3501186D2CEE0C521E93AE27 /* libPods-Hotel.a */ = {isa = PBXFileReference; explicitFileType = archive.ar; includeInIndex = 0; path = "libPods-Hotel.a"; sourceTree = BUILT_PRODUCTS_DIR; };
		97DA30CCAC95E3BAEA9DAFDA /* Pods-Hotel.debug.xcconfig */ = {isa = PBXFileReference; includeInIndex = 1; lastKnownFileType = text.xcconfig; name = "Pods-Hotel.debug.xcconfig"; path = "Pods/Target Support Files/Pods-Hotel/Pods-Hotel.debug.xcconfig"; sourceTree = "<group>"; };
/* End PBXFileReference section */

/* Begin PBXFrameworksBuildPhase section */
		0B2529B8206CCE2B00A95DC1 /* Frameworks */ = {
			isa = PBXFrameworksBuildPhase;
			buildActionMask = 2147483647;
			files = (
				0B2534F7206E0C4C00A95DC1 /* libConfiguration.a in Frameworks */,
				0B8C14B2207F7F860093256C /* Protocol.framework in Frameworks */,
				B5ED28EC72FA7D4C4A5563A5 /* libPods-Hotel.a in Frameworks */,
			);
			runOnlyForDeploymentPostprocessing = 0;
		};
/* End PBXFrameworksBuildPhase section */

/* Begin PBXGroup section */
		0B029DBA20F148CE002D1A55 /* 房间 */ = {
			isa = PBXGroup;
			children = (
				0B0FD2A420E36B8F00F7F892 /* AoAddPlaceVC.swift */,
				0B0FD2A620E36BA700F7F892 /* AoEditPlaceVC.swift */,
			);
			path = "房间";
			sourceTree = "<group>";
		};
		0B029DBB20F148E2002D1A55 /* 添加设备 */ = {
			isa = PBXGroup;
			children = (
				0B029DFB20F29410002D1A55 /* QRScanVC.swift */,
				0B30B29220EB11DD00BA443A /* Add24GVC.swift */,
				0B30B29120EB11DD00BA443A /* Add24GByInputVC.swift */,
			);
			path = "添加设备";
			sourceTree = "<group>";
		};
		0B029DC620F24013002D1A55 /* v */ = {
			isa = PBXGroup;
			children = (
				0B029DD020F24052002D1A55 /* SceneModelCell.swift */,
				0B029DD120F24052002D1A55 /* SceneModelCell.xib */,
				0B029DCF20F24052002D1A55 /* SceneModeRoomCell.swift */,
				0B029DCE20F24052002D1A55 /* SceneTitleView.swift */,
				0B029DD320F24052002D1A55 /* SceneAlertBtnView.swift */,
				0B029DC820F24051002D1A55 /* RTDragCellTableView */,
				0B029DD520F24052002D1A55 /* SceneAirConditionView.swift */,
				0B029DCC20F24051002D1A55 /* SceneCwView.swift */,
				0B029DCD20F24051002D1A55 /* SceneLampPlugView.swift */,
				0B029DD220F24052002D1A55 /* SceneMPathPlugView.swift */,
				0B029DC720F24051002D1A55 /* ScenePowerView.swift */,
				0B029DCB20F24051002D1A55 /* SceneRgbCwView.swift */,
				0B029DD420F24052002D1A55 /* SceneRgbView.swift */,
			);
			path = v;
			sourceTree = "<group>";
		};
		0B029DC820F24051002D1A55 /* RTDragCellTableView */ = {
			isa = PBXGroup;
			children = (
				0B029DC920F24051002D1A55 /* RTDragCellTableView.h */,
				0B029DCA20F24051002D1A55 /* RTDragCellTableView.m */,
			);
			path = RTDragCellTableView;
			sourceTree = "<group>";
		};
		0B029DE320F24E6F002D1A55 /* 弹窗 */ = {
			isa = PBXGroup;
			children = (
				0B8C1424207A11A10093256C /* AoAlertView.swift */,
				0B029DBF20F1FFBC002D1A55 /* MyAlertView1.swift */,
				0B029DBE20F1FFBC002D1A55 /* MyAlertView1.xib */,
				0B029DC020F1FFBC002D1A55 /* MyAlertView2.swift */,
				0B029DC120F1FFBC002D1A55 /* MyAlertView2.xib */,
			);
			path = "弹窗";
			sourceTree = "<group>";
		};
		0B029DE420F25003002D1A55 /* 灯光 */ = {
			isa = PBXGroup;
			children = (
				0B029DE520F2502D002D1A55 /* ColorSelectControl.swift */,
				0B029DE620F2502D002D1A55 /* LightProgressView.swift */,
			);
			path = "灯光";
			sourceTree = "<group>";
		};
		0B029DE920F251D2002D1A55 /* m */ = {
			isa = PBXGroup;
			children = (
				0B029DEA20F251E0002D1A55 /* SceneUtil.swift */,
			);
			path = m;
			sourceTree = "<group>";
		};
		0B029DEC20F26EC6002D1A55 /* c */ = {
			isa = PBXGroup;
			children = (
				0B029DF220F2710B002D1A55 /* SceneModelVC.swift */,
				0B029DF120F2710B002D1A55 /* AddSceneModelVC.swift */,
				0B029DF520F27929002D1A55 /* SceneDeviceListVC.swift */,
				0B029DF720F27C17002D1A55 /* SceneDeviceListVC+DeviceCell.swift */,
				0B029DF920F27C89002D1A55 /* SceneDeviceListVC+TableView.swift */,
			);
			path = c;
			sourceTree = "<group>";
		};
		0B1F59A32072423200F95FA1 /* vm */ = {
			isa = PBXGroup;
			children = (
				0B4E05B320E2264200593F7E /* AoDeviceListViewModel.swift */,
				0B30B29F20EBDC7400BA443A /* AoPlaceViewModel.swift */,
			);
			path = vm;
			sourceTree = "<group>";
		};
		0B1F59A620730F4300F95FA1 /* v */ = {
			isa = PBXGroup;
			children = (
				0B30B29920EB184F00BA443A /* CDeviceSelectCell.swift */,
				0B30B29A20EB184F00BA443A /* CDeviceSelectCell.xib */,
				0B30B29820EB184F00BA443A /* SelectView.swift */,
				0B30B29720EB184E00BA443A /* SelectCCenterView.xib */,
				0B4E05A020E1E74200593F7E /* AoPlaceView.swift */,
				0B4E05A220E1E75300593F7E /* AoPlaceView.xib */,
				0B8C141A2074BCCD0093256C /* AoDeviceCell.swift */,
				0B8C14192074BCCD0093256C /* AoDeviceCell.xib */,
				0B029DED20F270A6002D1A55 /* QRScanView.swift */,
				0B029DEE20F270A6002D1A55 /* QRScan1.xib */,
			);
			path = v;
			sourceTree = "<group>";
		};
		0B2529B2206CCE2B00A95DC1 = {
			isa = PBXGroup;
			children = (
				0B2534A3206DEE7800A95DC1 /* Utils */,
				0B253495206CF63900A95DC1 /* Client */,
				0B2529BD206CCE2B00A95DC1 /* Hotel */,
				0B2529BC206CCE2B00A95DC1 /* Products */,
				7B8ABD8D56400C1E6083DD71 /* Pods */,
				530FC19FCEA8F928B14D5E0D /* Frameworks */,
			);
			sourceTree = "<group>";
		};
		0B2529BC206CCE2B00A95DC1 /* Products */ = {
			isa = PBXGroup;
			children = (
				0B2529BB206CCE2B00A95DC1 /* Hotel.app */,
			);
			name = Products;
			sourceTree = "<group>";
		};
		0B2529BD206CCE2B00A95DC1 /* Hotel */ = {
			isa = PBXGroup;
			children = (
				0B4E057B20E07A7E00593F7E /* Main.storyboard */,
				0B2529C7206CCE2B00A95DC1 /* Assets.xcassets */,
				0B98CD302072114B006B2D80 /* PrefixHeader.pch */,
				0B2529BE206CCE2B00A95DC1 /* AppDelegate.h */,
				0B2529BF206CCE2B00A95DC1 /* AppDelegate.m */,
				0B2529C1206CCE2B00A95DC1 /* ViewController.h */,
				0B2529C2206CCE2B00A95DC1 /* ViewController.m */,
				0B2529C9206CCE2B00A95DC1 /* LaunchScreen.storyboard */,
				0B2529CC206CCE2B00A95DC1 /* Info.plist */,
				0B4E05BE20E247C500593F7E /* Data.plist */,
				0B2529CD206CCE2B00A95DC1 /* main.m */,
				0B98CD2C2071E257006B2D80 /* OC-SWIFT-BRIDGE.h */,
			);
			path = Hotel;
			sourceTree = "<group>";
		};
		0B253495206CF63900A95DC1 /* Client */ = {
			isa = PBXGroup;
			children = (
				0B4E057D20E0887F00593F7E /* Base */,
				0B4E058E20E0933100593F7E /* 登陆注册忘记密码 */,
				0B4E05AA20E1EDD200593F7E /* 主页列表 */,
				0B253499206CF9C100A95DC1 /* 设置 */,
				0B253498206CF9B400A95DC1 /* 情景模式 */,
			);
			path = Client;
			sourceTree = "<group>";
		};
		0B253496206CF6DB00A95DC1 /* 设备列表 */ = {
			isa = PBXGroup;
			children = (
				0B4E05B120E2226700593F7E /* m */,
				0B1F59A32072423200F95FA1 /* vm */,
				0B8C141D2074BD020093256C /* c */,
				0B1F59A620730F4300F95FA1 /* v */,
			);
			path = "设备列表";
			sourceTree = "<group>";
		};
		0B253498206CF9B400A95DC1 /* 情景模式 */ = {
			isa = PBXGroup;
			children = (
				0B029DEC20F26EC6002D1A55 /* c */,
				0B029DE920F251D2002D1A55 /* m */,
				0B029DC620F24013002D1A55 /* v */,
			);
			path = "情景模式";
			sourceTree = "<group>";
		};
		0B253499206CF9C100A95DC1 /* 设置 */ = {
			isa = PBXGroup;
			children = (
				0B25349A206CF9C700A95DC1 /* 配置 */,
				0B8C14B72080478E0093256C /* vm */,
				0B8C14B6208047870093256C /* c */,
			);
			path = "设置";
			sourceTree = "<group>";
		};
		0B25349A206CF9C700A95DC1 /* 配置 */ = {
			isa = PBXGroup;
			children = (
				0B8C14B4207F81110093256C /* v */,
				0B8C14B3207F81030093256C /* c */,
			);
			path = "配置";
			sourceTree = "<group>";
		};
		0B25349B206CFA0100A95DC1 /* 设备 */ = {
			isa = PBXGroup;
			children = (
				0B983B0A2089E96B00DC49AA /* AoDeviceRootVC.swift */,
				0B8C14DA2085ECC20093256C /* AoDeviceInfoVC.swift */,
				0B8C14C62080AB6C0093256C /* 空调 */,
				0B8C14C52080AB5C0093256C /* 开关 */,
				0B30914F20EB0D4400BA443A /* 定时 */,
			);
			path = "设备";
			sourceTree = "<group>";
		};
		0B2534A3206DEE7800A95DC1 /* Utils */ = {
			isa = PBXGroup;
			children = (
				0B253517206E0C6000A95DC1 /* ConfigUtil */,
				0B2534A6206E0C4B00A95DC1 /* Util */,
			);
			path = Utils;
			sourceTree = "<group>";
		};
		0B2534A6206E0C4B00A95DC1 /* Util */ = {
			isa = PBXGroup;
			children = (
				0B4E05BB20E2344500593F7E /* Extension */,
				0B2534C7206E0C4C00A95DC1 /* MyGlobalData.h */,
				0B2534C8206E0C4C00A95DC1 /* MyGlobalData.m */,
				0B2534A4206DEE9C00A95DC1 /* PublicClassMethod.swift */,
				0B2534BB206E0C4C00A95DC1 /* DeviceUtil.swift */,
				0B2534C9206E0C4C00A95DC1 /* MyGlobalMethod.swift */,
				0B2534BC206E0C4C00A95DC1 /* GCDTimer.h */,
				0B2534BD206E0C4C00A95DC1 /* GCDTimer.m */,
				0B2534C0206E0C4C00A95DC1 /* GlobalMethod.h */,
				0B2534C1206E0C4C00A95DC1 /* GlobalMethod.m */,
				0B2534C5206E0C4C00A95DC1 /* MBProgressHUD.h */,
				0B2534C6206E0C4C00A95DC1 /* MBProgressHUD.m */,
				0B2534D5206E0C4C00A95DC1 /* OMGToast.h */,
				0B2534D6206E0C4C00A95DC1 /* OMGToast.m */,
				0B2534E1206E0C4C00A95DC1 /* ThreeDES.h */,
				0B2534E2206E0C4C00A95DC1 /* ThreeDES.m */,
				0B2534E7206E0C4C00A95DC1 /* UIImage+KIAdditions.h */,
				0B2534E8206E0C4C00A95DC1 /* UIImage+KIAdditions.m */,
				0B2534EB206E0C4C00A95DC1 /* UITextField+Shake.h */,
				0B2534EC206E0C4C00A95DC1 /* UITextField+Shake.m */,
				0B2534ED206E0C4C00A95DC1 /* Util.h */,
				0B2534EE206E0C4C00A95DC1 /* Util.m */,
				0B8C14CA20858F8B0093256C /* JNWAnimation */,
			);
			path = Util;
			sourceTree = "<group>";
		};
		0B253517206E0C6000A95DC1 /* ConfigUtil */ = {
			isa = PBXGroup;
			children = (
				0B98CD2D20720EC7006B2D80 /* ConfigOnce */,
				0B2534DE206E0C4C00A95DC1 /* SessionManager.h */,
				0B2534DF206E0C4C00A95DC1 /* SessionManager.m */,
				0B2534DC206E0C4C00A95DC1 /* Reachability.h */,
				0B2534DD206E0C4C00A95DC1 /* Reachability.m */,
			);
			path = ConfigUtil;
			sourceTree = "<group>";
		};
		0B30914F20EB0D4400BA443A /* 定时 */ = {
			isa = PBXGroup;
			children = (
				0B30915220EB0E1B00BA443A /* TimerCell.swift */,
				0B30915320EB0E1B00BA443A /* TimerCell.xib */,
				0B30915020EB0D5700BA443A /* TimerListVC.swift */,
				0B029DBC20F159CE002D1A55 /* SetTimerVC2.swift */,
				0B30915720EB0ED500BA443A /* DatePickerDataSource.swift */,
				0B30915620EB0ED500BA443A /* DatePickerDelegate.swift */,
			);
			path = "定时";
			sourceTree = "<group>";
		};
		0B4E057D20E0887F00593F7E /* Base */ = {
			isa = PBXGroup;
			children = (
				0B4E059720E0B29600593F7E /* m */,
				0B4E058620E0890000593F7E /* v */,
				0B4E058320E088E600593F7E /* vm */,
				0B4E057E20E0888E00593F7E /* c */,
			);
			path = Base;
			sourceTree = "<group>";
		};
		0B4E057E20E0888E00593F7E /* c */ = {
			isa = PBXGroup;
			children = (
				0B1F59A1207240C000F95FA1 /* AoTabBarVC.swift */,
				0B4E057F20E088AD00593F7E /* AoBaseViewController.swift */,
				0B4E058120E088CD00593F7E /* AoBaseNavigationController.swift */,
			);
			path = c;
			sourceTree = "<group>";
		};
		0B4E058320E088E600593F7E /* vm */ = {
			isa = PBXGroup;
			children = (
				0B4E058420E088FC00593F7E /* AoBaseViewModel.swift */,
				0B4E059320E0A13000593F7E /* AoKeyboardViewModel.swift */,
			);
			path = vm;
			sourceTree = "<group>";
		};
		0B4E058620E0890000593F7E /* v */ = {
			isa = PBXGroup;
			children = (
				0B4E058720E0890E00593F7E /* AoBaseView.swift */,
				0B029DE420F25003002D1A55 /* 灯光 */,
				0B029DE320F24E6F002D1A55 /* 弹窗 */,
			);
			path = v;
			sourceTree = "<group>";
		};
		0B4E058E20E0933100593F7E /* 登陆注册忘记密码 */ = {
			isa = PBXGroup;
			children = (
				0B4E059220E0977600593F7E /* vm */,
				0B4E058F20E0934100593F7E /* c */,
			);
			path = "登陆注册忘记密码";
			sourceTree = "<group>";
		};
		0B4E058F20E0934100593F7E /* c */ = {
			isa = PBXGroup;
			children = (
				0B4E059020E0939900593F7E /* AoLoginVC.swift */,
				0B4E05AD20E2221600593F7E /* AoForgetPasswordVC.swift */,
				0B4E05AF20E2223F00593F7E /* AoRegistrVC.swift */,
			);
			path = c;
			sourceTree = "<group>";
		};
		0B4E059220E0977600593F7E /* vm */ = {
			isa = PBXGroup;
			children = (
				0B4E059520E0A2D100593F7E /* AoLoginViewModel.swift */,
			);
			path = vm;
			sourceTree = "<group>";
		};
		0B4E059720E0B29600593F7E /* m */ = {
			isa = PBXGroup;
			children = (
				0B8C142A207AFE2F0093256C /* AoDeviceStatuUtil.swift */,
				0B4E058C20E08E7200593F7E /* AoGlobalConstant.swift */,
				0B4E05A620E1EB8900593F7E /* AoBaseModel.swift */,
			);
			path = m;
			sourceTree = "<group>";
		};
		0B4E05AA20E1EDD200593F7E /* 主页列表 */ = {
			isa = PBXGroup;
			children = (
				0B253496206CF6DB00A95DC1 /* 设备列表 */,
				0B25349B206CFA0100A95DC1 /* 设备 */,
			);
			path = "主页列表";
			sourceTree = "<group>";
		};
		0B4E05B120E2226700593F7E /* m */ = {
			isa = PBXGroup;
			children = (
				0B4E05A420E1EB4E00593F7E /* AoPlaceModel.swift */,
				0B4E05BC20E242F900593F7E /* AoPlaceManager.swift */,
				0B30B2A120ECB28B00BA443A /* AOPlaceImageManager.swift */,
			);
			path = m;
			sourceTree = "<group>";
		};
		0B4E05BB20E2344500593F7E /* Extension */ = {
			isa = PBXGroup;
			children = (
				0B2534E6206E0C4C00A95DC1 /* UIButtonExtension.swift */,
				0B983B0E2089F12500DC49AA /* UIImageViewExtension.swift */,
				0B2534E0206E0C4C00A95DC1 /* StringExtension.swift */,
				0B4E05B920E2334100593F7E /* UIViewController+Extension.swift */,
			);
			path = Extension;
			sourceTree = "<group>";
		};
		0B8C141D2074BD020093256C /* c */ = {
			isa = PBXGroup;
			children = (
				0B029DBB20F148E2002D1A55 /* 添加设备 */,
				0B029DBA20F148CE002D1A55 /* 房间 */,
				0B2534A1206D0BB000A95DC1 /* AoDeviceListVC.swift */,
				0B4E05B520E22AC100593F7E /* AoDeviceListVC+DeviceCell.swift */,
				0B4E05B720E22B1600593F7E /* AoDeviceListVC+TableView.swift */,
				0B4E05C020E32AD400593F7E /* AoDeviceListVC+ScrollView.swift */,
				0B4E05C220E32CFF00593F7E /* AoDeviceListVC+Notification.swift */,
				0B0FD2A220E364D400F7F892 /* AoDeviceListVC+PlaceView.swift */,
			);
			path = c;
			sourceTree = "<group>";
		};
		0B8C14B3207F81030093256C /* c */ = {
			isa = PBXGroup;
			children = (
				0B8C14C220805CA10093256C /* ConfigVC.h */,
				0B8C14C320805CA10093256C /* ConfigVC.m */,
			);
			path = c;
			sourceTree = "<group>";
		};
		0B8C14B4207F81110093256C /* v */ = {
			isa = PBXGroup;
			children = (
				0B30B29520EB16EB00BA443A /* RoomSelectView.swift */,
				0B8C14C020805C7B0093256C /* Bolloon.h */,
				0B8C14BF20805C7B0093256C /* Bolloon.m */,
			);
			path = v;
			sourceTree = "<group>";
		};
		0B8C14B6208047870093256C /* c */ = {
			isa = PBXGroup;
			children = (
				0B8C14BB208048A20093256C /* AoSettingVC.swift */,
			);
			path = c;
			sourceTree = "<group>";
		};
		0B8C14B72080478E0093256C /* vm */ = {
			isa = PBXGroup;
			children = (
				0B8C14BD2080501C0093256C /* AoSettingTbvVM.swift */,
			);
			path = vm;
			sourceTree = "<group>";
		};
		0B8C14C52080AB5C0093256C /* 开关 */ = {
			isa = PBXGroup;
			children = (
				0B8C14DC2085EF770093256C /* vm */,
				0B8C14D42085EB890093256C /* c */,
				0B8C14CB208596760093256C /* v */,
			);
			path = "开关";
			sourceTree = "<group>";
		};
		0B8C14C62080AB6C0093256C /* 空调 */ = {
			isa = PBXGroup;
			children = (
				0B4E058920E0897200593F7E /* AoAirConditionVC.swift */,
			);
			path = "空调";
			sourceTree = "<group>";
		};
		0B8C14CA20858F8B0093256C /* JNWAnimation */ = {
			isa = PBXGroup;
			children = (
				0B2534C3206E0C4C00A95DC1 /* JNWSpringAnimation.h */,
				0B2534C4206E0C4C00A95DC1 /* JNWSpringAnimation.m */,
				0B2534CC206E0C4C00A95DC1 /* NSValue+JNWAdditions.h */,
				0B2534CD206E0C4C00A95DC1 /* NSValue+JNWAdditions.m */,
			);
			path = JNWAnimation;
			sourceTree = "<group>";
		};
		0B8C14CB208596760093256C /* v */ = {
			isa = PBXGroup;
			children = (
				0B8C14CD208596860093256C /* MultiPathCell.swift */,
				0B8C14CF208596870093256C /* MultiPathCell.xib */,
				0B8C14CE208596870093256C /* ToolBarView2.swift */,
				0B8C14CC208596860093256C /* ToolBarView2.xib */,
			);
			path = v;
			sourceTree = "<group>";
		};
		0B8C14D42085EB890093256C /* c */ = {
			isa = PBXGroup;
			children = (
				0B8C14D72085EC430093256C /* AoMultiPathListVC.swift */,
				0B0FD2A820E38BA900F7F892 /* AoLampControlVC.swift */,
			);
			path = c;
			sourceTree = "<group>";
		};
		0B8C14DC2085EF770093256C /* vm */ = {
			isa = PBXGroup;
			children = (
				0B8C14DE2085F0D50093256C /* MPTbvVM.swift */,
				0B8C14E02085F1560093256C /* MPCellVM.swift */,
				0B0FD2AA20E3A0A100F7F892 /* AoDeviceViewModel.swift */,
			);
			path = vm;
			sourceTree = "<group>";
		};
		0B98CD2D20720EC7006B2D80 /* ConfigOnce */ = {
			isa = PBXGroup;
			children = (
				0B98CD2E20720F05006B2D80 /* lib */,
				0B2534B7206E0C4C00A95DC1 /* SmartConfig1.h */,
				0B2534B8206E0C4C00A95DC1 /* SmartConfig1.m */,
				0B2534B9206E0C4C00A95DC1 /* UdpSocket.h */,
				0B2534BA206E0C4C00A95DC1 /* UdpSocket.m */,
				0B2534AA206E0C4C00A95DC1 /* AsyncSocket.h */,
				0B2534AB206E0C4C00A95DC1 /* AsyncSocket.m */,
				0B2534AC206E0C4C00A95DC1 /* AsyncUdpSocket.h */,
				0B2534AD206E0C4C00A95DC1 /* AsyncUdpSocket.m */,
				0B2534AE206E0C4C00A95DC1 /* CMDFactory.h */,
				0B2534AF206E0C4C00A95DC1 /* CMDFactory.m */,
				0B2534B0206E0C4C00A95DC1 /* ConfigWifi.h */,
				0B2534B1206E0C4C00A95DC1 /* ConfigWifi.m */,
				0B2534B2206E0C4C00A95DC1 /* ControlTcpSocket.h */,
				0B2534B3206E0C4C00A95DC1 /* ControlTcpSocket.m */,
			);
			path = ConfigOnce;
			sourceTree = "<group>";
		};
		0B98CD2E20720F05006B2D80 /* lib */ = {
			isa = PBXGroup;
			children = (
				0B2534B4206E0C4C00A95DC1 /* libConfiguration.a */,
				0B2534B5206E0C4C00A95DC1 /* ManualConfig.h */,
				0B2534B6206E0C4C00A95DC1 /* OneShotConfig.h */,
			);
			path = lib;
			sourceTree = "<group>";
		};
		530FC19FCEA8F928B14D5E0D /* Frameworks */ = {
			isa = PBXGroup;
			children = (
				0B8C14B1207F7F860093256C /* Protocol.framework */,
				3501186D2CEE0C521E93AE27 /* libPods-Hotel.a */,
			);
			name = Frameworks;
			sourceTree = "<group>";
		};
		7B8ABD8D56400C1E6083DD71 /* Pods */ = {
			isa = PBXGroup;
			children = (
				97DA30CCAC95E3BAEA9DAFDA /* Pods-Hotel.debug.xcconfig */,
				31156EA943B07E665DB364D6 /* Pods-Hotel.release.xcconfig */,
			);
			name = Pods;
			sourceTree = "<group>";
		};
/* End PBXGroup section */

/* Begin PBXNativeTarget section */
		0B2529BA206CCE2B00A95DC1 /* Hotel */ = {
			isa = PBXNativeTarget;
			buildConfigurationList = 0B2529D1206CCE2B00A95DC1 /* Build configuration list for PBXNativeTarget "Hotel" */;
			buildPhases = (
				6AF47737ABCB4C4D9C07AC97 /* [CP] Check Pods Manifest.lock */,
				0B2529B7206CCE2B00A95DC1 /* Sources */,
				0B2529B8206CCE2B00A95DC1 /* Frameworks */,
				0B2529B9206CCE2B00A95DC1 /* Resources */,
				2B22A4785B9A52165FCED3C9 /* [CP] Copy Pods Resources */,
			);
			buildRules = (
			);
			dependencies = (
			);
			name = Hotel;
			productName = Hotel;
			productReference = 0B2529BB206CCE2B00A95DC1 /* Hotel.app */;
			productType = "com.apple.product-type.application";
		};
/* End PBXNativeTarget section */

/* Begin PBXProject section */
		0B2529B3206CCE2B00A95DC1 /* Project object */ = {
			isa = PBXProject;
			attributes = {
				LastUpgradeCheck = 0920;
				ORGANIZATIONNAME = fortune;
				TargetAttributes = {
					0B2529BA206CCE2B00A95DC1 = {
						CreatedOnToolsVersion = 9.2;
						LastSwiftMigration = 0920;
						ProvisioningStyle = Manual;
					};
				};
			};
			buildConfigurationList = 0B2529B6206CCE2B00A95DC1 /* Build configuration list for PBXProject "Hotel" */;
			compatibilityVersion = "Xcode 8.0";
			developmentRegion = en;
			hasScannedForEncodings = 0;
			knownRegions = (
				en,
				Base,
				"zh-Hans",
			);
			mainGroup = 0B2529B2206CCE2B00A95DC1;
			productRefGroup = 0B2529BC206CCE2B00A95DC1 /* Products */;
			projectDirPath = "";
			projectRoot = "";
			targets = (
				0B2529BA206CCE2B00A95DC1 /* Hotel */,
			);
		};
/* End PBXProject section */

/* Begin PBXResourcesBuildPhase section */
		0B2529B9206CCE2B00A95DC1 /* Resources */ = {
			isa = PBXResourcesBuildPhase;
			buildActionMask = 2147483647;
			files = (
				0B2529CB206CCE2B00A95DC1 /* LaunchScreen.storyboard in Resources */,
				0B029DF020F270A6002D1A55 /* QRScan1.xib in Resources */,
				0B8C141B2074BCCD0093256C /* AoDeviceCell.xib in Resources */,
				0B2529C8206CCE2B00A95DC1 /* Assets.xcassets in Resources */,
				0B029DC220F1FFBC002D1A55 /* MyAlertView1.xib in Resources */,
				0B30B29B20EB184F00BA443A /* SelectCCenterView.xib in Resources */,
				0B30B29E20EB184F00BA443A /* CDeviceSelectCell.xib in Resources */,
				0B4E057C20E07A7E00593F7E /* Main.storyboard in Resources */,
				0B30915520EB0E1B00BA443A /* TimerCell.xib in Resources */,
				0B029DC520F1FFBC002D1A55 /* MyAlertView2.xib in Resources */,
				0B4E05A320E1E75300593F7E /* AoPlaceView.xib in Resources */,
				0B029DDE20F24052002D1A55 /* SceneModelCell.xib in Resources */,
				0B8C14D0208596870093256C /* ToolBarView2.xib in Resources */,
				0B4E05BF20E247C500593F7E /* Data.plist in Resources */,
				0B8C14D3208596870093256C /* MultiPathCell.xib in Resources */,
			);
			runOnlyForDeploymentPostprocessing = 0;
		};
/* End PBXResourcesBuildPhase section */

/* Begin PBXShellScriptBuildPhase section */
		2B22A4785B9A52165FCED3C9 /* [CP] Copy Pods Resources */ = {
			isa = PBXShellScriptBuildPhase;
			buildActionMask = 2147483647;
			files = (
			);
			inputPaths = (
				"${SRCROOT}/Pods/Target Support Files/Pods-Hotel/Pods-Hotel-resources.sh",
				"${PODS_ROOT}/IQKeyboardManager/IQKeyBoardManager/Resources/IQKeyboardManager.bundle",
				"${PODS_ROOT}/SVProgressHUD/SVProgressHUD/SVProgressHUD.bundle",
			);
			name = "[CP] Copy Pods Resources";
			outputPaths = (
				"${TARGET_BUILD_DIR}/${UNLOCALIZED_RESOURCES_FOLDER_PATH}/IQKeyboardManager.bundle",
				"${TARGET_BUILD_DIR}/${UNLOCALIZED_RESOURCES_FOLDER_PATH}/SVProgressHUD.bundle",
			);
			runOnlyForDeploymentPostprocessing = 0;
			shellPath = /bin/sh;
			shellScript = "\"${SRCROOT}/Pods/Target Support Files/Pods-Hotel/Pods-Hotel-resources.sh\"\n";
			showEnvVarsInLog = 0;
		};
		6AF47737ABCB4C4D9C07AC97 /* [CP] Check Pods Manifest.lock */ = {
			isa = PBXShellScriptBuildPhase;
			buildActionMask = 2147483647;
			files = (
			);
			inputPaths = (
				"${PODS_PODFILE_DIR_PATH}/Podfile.lock",
				"${PODS_ROOT}/Manifest.lock",
			);
			name = "[CP] Check Pods Manifest.lock";
			outputPaths = (
				"$(DERIVED_FILE_DIR)/Pods-Hotel-checkManifestLockResult.txt",
			);
			runOnlyForDeploymentPostprocessing = 0;
			shellPath = /bin/sh;
			shellScript = "diff \"${PODS_PODFILE_DIR_PATH}/Podfile.lock\" \"${PODS_ROOT}/Manifest.lock\" > /dev/null\nif [ $? != 0 ] ; then\n    # print error to STDERR\n    echo \"error: The sandbox is not in sync with the Podfile.lock. Run 'pod install' or update your CocoaPods installation.\" >&2\n    exit 1\nfi\n# This output is used by Xcode 'outputs' to avoid re-running this script phase.\necho \"SUCCESS\" > \"${SCRIPT_OUTPUT_FILE_0}\"\n";
			showEnvVarsInLog = 0;
		};
/* End PBXShellScriptBuildPhase section */

/* Begin PBXSourcesBuildPhase section */
		0B2529B7206CCE2B00A95DC1 /* Sources */ = {
			isa = PBXSourcesBuildPhase;
			buildActionMask = 2147483647;
			files = (
				0B8C14DF2085F0D50093256C /* MPTbvVM.swift in Sources */,
				0B25350D206E0C4C00A95DC1 /* SessionManager.m in Sources */,
				0B029DBD20F159CE002D1A55 /* SetTimerVC2.swift in Sources */,
				0B8C14BC208048A20093256C /* AoSettingVC.swift in Sources */,
				0B029DD920F24052002D1A55 /* SceneCwView.swift in Sources */,
				0B029DE220F24052002D1A55 /* SceneAirConditionView.swift in Sources */,
				0B2534F9206E0C4C00A95DC1 /* UdpSocket.m in Sources */,
				0B029DDC20F24052002D1A55 /* SceneModeRoomCell.swift in Sources */,
				0B30B2A020EBDC7400BA443A /* AoPlaceViewModel.swift in Sources */,
				0B4E05C120E32AD400593F7E /* AoDeviceListVC+ScrollView.swift in Sources */,
				0B029DDD20F24052002D1A55 /* SceneModelCell.swift in Sources */,
				0B8C14C120805C7B0093256C /* Bolloon.m in Sources */,
				0B029DD720F24052002D1A55 /* RTDragCellTableView.m in Sources */,
				0B253515206E0C4C00A95DC1 /* Util.m in Sources */,
				0B4E05A120E1E74200593F7E /* AoPlaceView.swift in Sources */,
				0B30915920EB0ED500BA443A /* DatePickerDataSource.swift in Sources */,
				0B0FD2A720E36BA700F7F892 /* AoEditPlaceVC.swift in Sources */,
				0B4E05B020E2223F00593F7E /* AoRegistrVC.swift in Sources */,
				0B029DE120F24052002D1A55 /* SceneRgbView.swift in Sources */,
				0B4E05A520E1EB4E00593F7E /* AoPlaceModel.swift in Sources */,
				0B4E05B620E22AC100593F7E /* AoDeviceListVC+DeviceCell.swift in Sources */,
				0B2534F6206E0C4C00A95DC1 /* ControlTcpSocket.m in Sources */,
				0B253501206E0C4C00A95DC1 /* MyGlobalData.m in Sources */,
				0B029DFC20F29410002D1A55 /* QRScanVC.swift in Sources */,
				0B8C142B207AFE2F0093256C /* AoDeviceStatuUtil.swift in Sources */,
				0B4E05AE20E2221600593F7E /* AoForgetPasswordVC.swift in Sources */,
				0B029DE820F2502D002D1A55 /* LightProgressView.swift in Sources */,
				0B253512206E0C4C00A95DC1 /* UIImage+KIAdditions.m in Sources */,
				0B8C14C420805CA10093256C /* ConfigVC.m in Sources */,
				0B029DDA20F24052002D1A55 /* SceneLampPlugView.swift in Sources */,
				0B029DF620F2792A002D1A55 /* SceneDeviceListVC.swift in Sources */,
				0B4E05BA20E2334100593F7E /* UIViewController+Extension.swift in Sources */,
				0B8C14D1208596870093256C /* MultiPathCell.swift in Sources */,
				0B029DD620F24052002D1A55 /* ScenePowerView.swift in Sources */,
				0B4E058220E088CD00593F7E /* AoBaseNavigationController.swift in Sources */,
				0B8C14E12085F1560093256C /* MPCellVM.swift in Sources */,
				0B029DEB20F251E1002D1A55 /* SceneUtil.swift in Sources */,
				0B2534FB206E0C4C00A95DC1 /* GCDTimer.m in Sources */,
				0B2534FF206E0C4C00A95DC1 /* JNWSpringAnimation.m in Sources */,
				0B029DD820F24052002D1A55 /* SceneRgbCwView.swift in Sources */,
				0B2529C3206CCE2B00A95DC1 /* ViewController.m in Sources */,
				0B2534F4206E0C4C00A95DC1 /* CMDFactory.m in Sources */,
				0B4E058520E088FC00593F7E /* AoBaseViewModel.swift in Sources */,
				0B2534F3206E0C4C00A95DC1 /* AsyncUdpSocket.m in Sources */,
				0B2534A2206D0BB000A95DC1 /* AoDeviceListVC.swift in Sources */,
				0B0FD2AB20E3A0A100F7F892 /* AoDeviceViewModel.swift in Sources */,
				0B0FD2A920E38BA900F7F892 /* AoLampControlVC.swift in Sources */,
				0B4E059120E0939900593F7E /* AoLoginVC.swift in Sources */,
				0B2534FA206E0C4C00A95DC1 /* DeviceUtil.swift in Sources */,
				0B30B2A220ECB28B00BA443A /* AOPlaceImageManager.swift in Sources */,
				0B8C14D82085EC430093256C /* AoMultiPathListVC.swift in Sources */,
				0B8C141C2074BCCD0093256C /* AoDeviceCell.swift in Sources */,
				0B2529CE206CCE2B00A95DC1 /* main.m in Sources */,
				0B30B29D20EB184F00BA443A /* CDeviceSelectCell.swift in Sources */,
				0B4E05B420E2264200593F7E /* AoDeviceListViewModel.swift in Sources */,
				0B253504206E0C4C00A95DC1 /* NSValue+JNWAdditions.m in Sources */,
				0B029DDF20F24052002D1A55 /* SceneMPathPlugView.swift in Sources */,
				0B029DC320F1FFBC002D1A55 /* MyAlertView1.swift in Sources */,
				0B029DDB20F24052002D1A55 /* SceneTitleView.swift in Sources */,
				0B029DF320F2710C002D1A55 /* AddSceneModelVC.swift in Sources */,
				0B4E05BD20E242F900593F7E /* AoPlaceManager.swift in Sources */,
				0B2534A5206DEE9C00A95DC1 /* PublicClassMethod.swift in Sources */,
				0B253500206E0C4C00A95DC1 /* MBProgressHUD.m in Sources */,
				0B253514206E0C4C00A95DC1 /* UITextField+Shake.m in Sources */,
				0B4E058820E0890E00593F7E /* AoBaseView.swift in Sources */,
				0B0FD2A320E364D400F7F892 /* AoDeviceListVC+PlaceView.swift in Sources */,
				0B8C1425207A11A10093256C /* AoAlertView.swift in Sources */,
				0B30915820EB0ED500BA443A /* DatePickerDelegate.swift in Sources */,
				0B4E059620E0A2D100593F7E /* AoLoginViewModel.swift in Sources */,
				0B253511206E0C4C00A95DC1 /* UIButtonExtension.swift in Sources */,
				0B2529C0206CCE2B00A95DC1 /* AppDelegate.m in Sources */,
				0B4E058A20E0897200593F7E /* AoAirConditionVC.swift in Sources */,
				0B2534FD206E0C4C00A95DC1 /* GlobalMethod.m in Sources */,
				0B30B29420EB11DE00BA443A /* Add24GVC.swift in Sources */,
				0B30915120EB0D5700BA443A /* TimerListVC.swift in Sources */,
				0B30B29320EB11DE00BA443A /* Add24GByInputVC.swift in Sources */,
				0B30915420EB0E1B00BA443A /* TimerCell.swift in Sources */,
				0B029DE020F24052002D1A55 /* SceneAlertBtnView.swift in Sources */,
				0B8C14BE2080501C0093256C /* AoSettingTbvVM.swift in Sources */,
				0B4E058D20E08E7200593F7E /* AoGlobalConstant.swift in Sources */,
				0B0FD2A520E36B8F00F7F892 /* AoAddPlaceVC.swift in Sources */,
				0B8C14DB2085ECC20093256C /* AoDeviceInfoVC.swift in Sources */,
				0B029DFA20F27C8A002D1A55 /* SceneDeviceListVC+TableView.swift in Sources */,
				0B029DE720F2502D002D1A55 /* ColorSelectControl.swift in Sources */,
				0B25350E206E0C4C00A95DC1 /* StringExtension.swift in Sources */,
				0B2534F8206E0C4C00A95DC1 /* SmartConfig1.m in Sources */,
				0B4E05C320E32CFF00593F7E /* AoDeviceListVC+Notification.swift in Sources */,
				0B029DF420F2710C002D1A55 /* SceneModelVC.swift in Sources */,
				0B2534F5206E0C4C00A95DC1 /* ConfigWifi.m in Sources */,
				0B253502206E0C4C00A95DC1 /* MyGlobalMethod.swift in Sources */,
				0B30B29620EB16EB00BA443A /* RoomSelectView.swift in Sources */,
				0B4E05A720E1EB8900593F7E /* AoBaseModel.swift in Sources */,
				0B25350C206E0C4C00A95DC1 /* Reachability.m in Sources */,
				0B029DC420F1FFBC002D1A55 /* MyAlertView2.swift in Sources */,
				0B25350F206E0C4C00A95DC1 /* ThreeDES.m in Sources */,
				0B1F59A2207240C000F95FA1 /* AoTabBarVC.swift in Sources */,
				0B2534F2206E0C4C00A95DC1 /* AsyncSocket.m in Sources */,
				0B029DF820F27C17002D1A55 /* SceneDeviceListVC+DeviceCell.swift in Sources */,
				0B8C14D2208596870093256C /* ToolBarView2.swift in Sources */,
				0B4E058020E088AD00593F7E /* AoBaseViewController.swift in Sources */,
				0B4E059420E0A13000593F7E /* AoKeyboardViewModel.swift in Sources */,
				0B983B0B2089E96B00DC49AA /* AoDeviceRootVC.swift in Sources */,
				0B983B0F2089F12500DC49AA /* UIImageViewExtension.swift in Sources */,
				0B029DEF20F270A6002D1A55 /* QRScanView.swift in Sources */,
				0B30B29C20EB184F00BA443A /* SelectView.swift in Sources */,
				0B4E05B820E22B1600593F7E /* AoDeviceListVC+TableView.swift in Sources */,
				0B253508206E0C4C00A95DC1 /* OMGToast.m in Sources */,
			);
			runOnlyForDeploymentPostprocessing = 0;
		};
/* End PBXSourcesBuildPhase section */

/* Begin PBXVariantGroup section */
		0B2529C9206CCE2B00A95DC1 /* LaunchScreen.storyboard */ = {
			isa = PBXVariantGroup;
			children = (
				0B2529CA206CCE2B00A95DC1 /* Base */,
			);
			name = LaunchScreen.storyboard;
			sourceTree = "<group>";
		};
/* End PBXVariantGroup section */

/* Begin XCBuildConfiguration section */
		0B2529CF206CCE2B00A95DC1 /* Debug */ = {
			isa = XCBuildConfiguration;
			buildSettings = {
				ALWAYS_SEARCH_USER_PATHS = NO;
				CLANG_ANALYZER_NONNULL = YES;
				CLANG_ANALYZER_NUMBER_OBJECT_CONVERSION = YES_AGGRESSIVE;
				CLANG_CXX_LANGUAGE_STANDARD = "gnu++14";
				CLANG_CXX_LIBRARY = "libc++";
				CLANG_ENABLE_MODULES = YES;
				CLANG_ENABLE_OBJC_ARC = YES;
				CLANG_WARN_BLOCK_CAPTURE_AUTORELEASING = YES;
				CLANG_WARN_BOOL_CONVERSION = YES;
				CLANG_WARN_COMMA = YES;
				CLANG_WARN_CONSTANT_CONVERSION = YES;
				CLANG_WARN_DIRECT_OBJC_ISA_USAGE = YES_ERROR;
				CLANG_WARN_DOCUMENTATION_COMMENTS = YES;
				CLANG_WARN_EMPTY_BODY = YES;
				CLANG_WARN_ENUM_CONVERSION = YES;
				CLANG_WARN_INFINITE_RECURSION = YES;
				CLANG_WARN_INT_CONVERSION = YES;
				CLANG_WARN_NON_LITERAL_NULL_CONVERSION = YES;
				CLANG_WARN_OBJC_LITERAL_CONVERSION = YES;
				CLANG_WARN_OBJC_ROOT_CLASS = YES_ERROR;
				CLANG_WARN_RANGE_LOOP_ANALYSIS = YES;
				CLANG_WARN_STRICT_PROTOTYPES = YES;
				CLANG_WARN_SUSPICIOUS_MOVE = YES;
				CLANG_WARN_UNGUARDED_AVAILABILITY = YES_AGGRESSIVE;
				CLANG_WARN_UNREACHABLE_CODE = YES;
				CLANG_WARN__DUPLICATE_METHOD_MATCH = YES;
				CODE_SIGN_IDENTITY = "iPhone Developer";
				COPY_PHASE_STRIP = NO;
				DEBUG_INFORMATION_FORMAT = dwarf;
				ENABLE_BITCODE = NO;
				ENABLE_STRICT_OBJC_MSGSEND = YES;
				ENABLE_TESTABILITY = YES;
				GCC_C_LANGUAGE_STANDARD = gnu11;
				GCC_DYNAMIC_NO_PIC = NO;
				GCC_NO_COMMON_BLOCKS = YES;
				GCC_OPTIMIZATION_LEVEL = 0;
				GCC_PRECOMPILE_PREFIX_HEADER = YES;
				GCC_PREPROCESSOR_DEFINITIONS = (
					"DEBUG=1",
					"$(inherited)",
				);
				GCC_WARN_64_TO_32_BIT_CONVERSION = YES;
				GCC_WARN_ABOUT_RETURN_TYPE = YES_ERROR;
				GCC_WARN_UNDECLARED_SELECTOR = YES;
				GCC_WARN_UNINITIALIZED_AUTOS = YES_AGGRESSIVE;
				GCC_WARN_UNUSED_FUNCTION = YES;
				GCC_WARN_UNUSED_VARIABLE = YES;
				IPHONEOS_DEPLOYMENT_TARGET = 11.2;
				MTL_ENABLE_DEBUG_INFO = YES;
				ONLY_ACTIVE_ARCH = YES;
				SDKROOT = iphoneos;
			};
			name = Debug;
		};
		0B2529D0206CCE2B00A95DC1 /* Release */ = {
			isa = XCBuildConfiguration;
			buildSettings = {
				ALWAYS_SEARCH_USER_PATHS = NO;
				CLANG_ANALYZER_NONNULL = YES;
				CLANG_ANALYZER_NUMBER_OBJECT_CONVERSION = YES_AGGRESSIVE;
				CLANG_CXX_LANGUAGE_STANDARD = "gnu++14";
				CLANG_CXX_LIBRARY = "libc++";
				CLANG_ENABLE_MODULES = YES;
				CLANG_ENABLE_OBJC_ARC = YES;
				CLANG_WARN_BLOCK_CAPTURE_AUTORELEASING = YES;
				CLANG_WARN_BOOL_CONVERSION = YES;
				CLANG_WARN_COMMA = YES;
				CLANG_WARN_CONSTANT_CONVERSION = YES;
				CLANG_WARN_DIRECT_OBJC_ISA_USAGE = YES_ERROR;
				CLANG_WARN_DOCUMENTATION_COMMENTS = YES;
				CLANG_WARN_EMPTY_BODY = YES;
				CLANG_WARN_ENUM_CONVERSION = YES;
				CLANG_WARN_INFINITE_RECURSION = YES;
				CLANG_WARN_INT_CONVERSION = YES;
				CLANG_WARN_NON_LITERAL_NULL_CONVERSION = YES;
				CLANG_WARN_OBJC_LITERAL_CONVERSION = YES;
				CLANG_WARN_OBJC_ROOT_CLASS = YES_ERROR;
				CLANG_WARN_RANGE_LOOP_ANALYSIS = YES;
				CLANG_WARN_STRICT_PROTOTYPES = YES;
				CLANG_WARN_SUSPICIOUS_MOVE = YES;
				CLANG_WARN_UNGUARDED_AVAILABILITY = YES_AGGRESSIVE;
				CLANG_WARN_UNREACHABLE_CODE = YES;
				CLANG_WARN__DUPLICATE_METHOD_MATCH = YES;
				CODE_SIGN_IDENTITY = "iPhone Developer";
				COPY_PHASE_STRIP = NO;
				DEBUG_INFORMATION_FORMAT = "dwarf-with-dsym";
				ENABLE_BITCODE = NO;
				ENABLE_NS_ASSERTIONS = NO;
				ENABLE_STRICT_OBJC_MSGSEND = YES;
				GCC_C_LANGUAGE_STANDARD = gnu11;
				GCC_NO_COMMON_BLOCKS = YES;
				GCC_PRECOMPILE_PREFIX_HEADER = YES;
				GCC_WARN_64_TO_32_BIT_CONVERSION = YES;
				GCC_WARN_ABOUT_RETURN_TYPE = YES_ERROR;
				GCC_WARN_UNDECLARED_SELECTOR = YES;
				GCC_WARN_UNINITIALIZED_AUTOS = YES_AGGRESSIVE;
				GCC_WARN_UNUSED_FUNCTION = YES;
				GCC_WARN_UNUSED_VARIABLE = YES;
				IPHONEOS_DEPLOYMENT_TARGET = 11.2;
				MTL_ENABLE_DEBUG_INFO = NO;
				SDKROOT = iphoneos;
				VALIDATE_PRODUCT = YES;
			};
			name = Release;
		};
		0B2529D2206CCE2B00A95DC1 /* Debug */ = {
			isa = XCBuildConfiguration;
			baseConfigurationReference = 97DA30CCAC95E3BAEA9DAFDA /* Pods-Hotel.debug.xcconfig */;
			buildSettings = {
				ASSETCATALOG_COMPILER_APPICON_NAME = AppIcon;
				CLANG_ENABLE_MODULES = YES;
				CODE_SIGN_STYLE = Manual;
				DEVELOPMENT_TEAM = 97FS6B8B7H;
				ENABLE_BITCODE = NO;
				FRAMEWORK_SEARCH_PATHS = (
					"$(inherited)",
					"$(PROJECT_DIR)",
					"$(PROJECT_DIR)/Client/主页列表/设备列表/v/YunHai\\ 2",
					"$(PROJECT_DIR)/Client/主页列表/设备列表/v/YunHai\\ 2",
					"$(PROJECT_DIR)/Client/主页列表/设备列表/v/YunHai\\ 2",
					"$(PROJECT_DIR)/Client/主页列表/设备列表/v/YunHai\\ 2/ShareSDK",
					"$(PROJECT_DIR)/Client/主页列表/设备列表/v/YunHai\\ 2/ShareSDK/Support/Optional",
					"$(PROJECT_DIR)/Client/主页列表/设备列表/v/YunHai\\ 2/ShareSDK/Support/Optional",
					"$(PROJECT_DIR)/Client/主页列表/设备列表/v/YunHai\\ 2/ShareSDK/Support/PlatformSDK/QQSDK",
					"$(PROJECT_DIR)/Client/主页列表/设备列表/v/YunHai\\ 2/ShareSDK/Support/Required",
					"$(PROJECT_DIR)/Client/主页列表/设备列表/v/YunHai\\ 2/ShareSDK/Support/Required",
				);
				GCC_PRECOMPILE_PREFIX_HEADER = YES;
				GCC_PREFIX_HEADER = "$(SRCROOT)/Hotel/PrefixHeader.pch";
				INFOPLIST_FILE = Hotel/Info.plist;
				IPHONEOS_DEPLOYMENT_TARGET = 9.0;
				LD_RUNPATH_SEARCH_PATHS = "$(inherited) @executable_path/Frameworks";
				LIBRARY_SEARCH_PATHS = (
					"$(inherited)",
					"$(PROJECT_DIR)/Utils/ConfigUtil/ConfigOnce/lib",
					"$(PROJECT_DIR)/Client/主页列表/设备列表/v/YunHai\\ 2/ShareSDK/Support/PlatformSDK/WeChatSDK",
					"$(PROJECT_DIR)/Client/主页列表/设备列表/v/YunHai\\ 2/Util/ConfigWifi",
				);
				PRODUCT_BUNDLE_IDENTIFIER = com.fortune.hotel;
				PRODUCT_NAME = "$(TARGET_NAME)";
				PROVISIONING_PROFILE = "a311acad-9d1d-4efa-99b5-e9aa3c31a53f";
				PROVISIONING_PROFILE_SPECIFIER = AoAll;
				SWIFT_OBJC_BRIDGING_HEADER = "Hotel/OC-SWIFT-BRIDGE.h";
				SWIFT_OPTIMIZATION_LEVEL = "-Onone";
				SWIFT_VERSION = 3.0;
				TARGETED_DEVICE_FAMILY = "1,2";
			};
			name = Debug;
		};
		0B2529D3206CCE2B00A95DC1 /* Release */ = {
			isa = XCBuildConfiguration;
			baseConfigurationReference = 31156EA943B07E665DB364D6 /* Pods-Hotel.release.xcconfig */;
			buildSettings = {
				ASSETCATALOG_COMPILER_APPICON_NAME = AppIcon;
				CLANG_ENABLE_MODULES = YES;
				CODE_SIGN_STYLE = Manual;
				DEVELOPMENT_TEAM = 97FS6B8B7H;
				ENABLE_BITCODE = NO;
				FRAMEWORK_SEARCH_PATHS = (
					"$(inherited)",
					"$(PROJECT_DIR)",
					"$(PROJECT_DIR)/Client/主页列表/设备列表/v/YunHai\\ 2",
					"$(PROJECT_DIR)/Client/主页列表/设备列表/v/YunHai\\ 2",
					"$(PROJECT_DIR)/Client/主页列表/设备列表/v/YunHai\\ 2",
					"$(PROJECT_DIR)/Client/主页列表/设备列表/v/YunHai\\ 2/ShareSDK",
					"$(PROJECT_DIR)/Client/主页列表/设备列表/v/YunHai\\ 2/ShareSDK/Support/Optional",
					"$(PROJECT_DIR)/Client/主页列表/设备列表/v/YunHai\\ 2/ShareSDK/Support/Optional",
					"$(PROJECT_DIR)/Client/主页列表/设备列表/v/YunHai\\ 2/ShareSDK/Support/PlatformSDK/QQSDK",
					"$(PROJECT_DIR)/Client/主页列表/设备列表/v/YunHai\\ 2/ShareSDK/Support/Required",
					"$(PROJECT_DIR)/Client/主页列表/设备列表/v/YunHai\\ 2/ShareSDK/Support/Required",
				);
				GCC_PRECOMPILE_PREFIX_HEADER = YES;
				GCC_PREFIX_HEADER = "$(SRCROOT)/Hotel/PrefixHeader.pch";
				INFOPLIST_FILE = Hotel/Info.plist;
				IPHONEOS_DEPLOYMENT_TARGET = 9.0;
				LD_RUNPATH_SEARCH_PATHS = "$(inherited) @executable_path/Frameworks";
				LIBRARY_SEARCH_PATHS = (
					"$(inherited)",
					"$(PROJECT_DIR)/Utils/ConfigUtil/ConfigOnce/lib",
					"$(PROJECT_DIR)/Client/主页列表/设备列表/v/YunHai\\ 2/ShareSDK/Support/PlatformSDK/WeChatSDK",
					"$(PROJECT_DIR)/Client/主页列表/设备列表/v/YunHai\\ 2/Util/ConfigWifi",
				);
				PRODUCT_BUNDLE_IDENTIFIER = com.fortune.hotel;
				PRODUCT_NAME = "$(TARGET_NAME)";
				PROVISIONING_PROFILE = "a311acad-9d1d-4efa-99b5-e9aa3c31a53f";
				PROVISIONING_PROFILE_SPECIFIER = AoAll;
				SWIFT_OBJC_BRIDGING_HEADER = "Hotel/OC-SWIFT-BRIDGE.h";
				SWIFT_VERSION = 3.0;
				TARGETED_DEVICE_FAMILY = "1,2";
			};
			name = Release;
		};
/* End XCBuildConfiguration section */

/* Begin XCConfigurationList section */
		0B2529B6206CCE2B00A95DC1 /* Build configuration list for PBXProject "Hotel" */ = {
			isa = XCConfigurationList;
			buildConfigurations = (
				0B2529CF206CCE2B00A95DC1 /* Debug */,
				0B2529D0206CCE2B00A95DC1 /* Release */,
			);
			defaultConfigurationIsVisible = 0;
			defaultConfigurationName = Release;
		};
		0B2529D1206CCE2B00A95DC1 /* Build configuration list for PBXNativeTarget "Hotel" */ = {
			isa = XCConfigurationList;
			buildConfigurations = (
				0B2529D2206CCE2B00A95DC1 /* Debug */,
				0B2529D3206CCE2B00A95DC1 /* Release */,
			);
			defaultConfigurationIsVisible = 0;
			defaultConfigurationName = Release;
		};
/* End XCConfigurationList section */
	};
	rootObject = 0B2529B3206CCE2B00A95DC1 /* Project object */;
}
